// !$*UTF8*$!
{
	archiveVersion = 1;
	classes = {
	};
	objectVersion = 46;
	objects = {
/* Begin PBXBuildFile section */
		00987E685B814C0E8F370DC3 /* UIApplication+APPLocalNotification.ios9.m in Sources */ = {isa = PBXBuildFile; fileRef = E92191BD8B2F48D4830AC0C6 /* UIApplication+APPLocalNotification.ios9.m */; };
		0207DA581B56EA530066E2B4 /* Images.xcassets in Resources */ = {isa = PBXBuildFile; fileRef = 0207DA571B56EA530066E2B4 /* Images.xcassets */; };
		0CFBC74CC7E64A14B55A9242 /* GoogleIPhoneUtilities.framework in Frameworks */ = {isa = PBXBuildFile; fileRef = ED353BEDEAA14A26B76E5454 /* GoogleIPhoneUtilities.framework */; };
		0E31F5329B6A40149377C4D9 /* CDVReachability.m in Sources */ = {isa = PBXBuildFile; fileRef = B2C2E8F9AF0E4A9C84C4531C /* CDVReachability.m */; };
		0EFD81196935447C87354B7F /* AppDelegate+notification.m in Sources */ = {isa = PBXBuildFile; fileRef = BFCF268D36DA4FF0A4A3261A /* AppDelegate+notification.m */; };
		13B0D2FD839A4B99A6223128 /* CDVStatusBar.m in Sources */ = {isa = PBXBuildFile; fileRef = 6ED2E30F4A55443EAA09B622 /* CDVStatusBar.m */; };
		149181680BFB4341B9704468 /* CDVSplashScreen.m in Sources */ = {isa = PBXBuildFile; fileRef = EF1824F73DFF49D6BAF3A883 /* CDVSplashScreen.m */; };
		15518712AD10434D8B31B2C3 /* UNUserNotificationCenter+APPLocalNotification.m in Sources */ = {isa = PBXBuildFile; fileRef = C2E5973952AA4723BCF676C5 /* UNUserNotificationCenter+APPLocalNotification.m */; };
		1ADF015EABC64CE29C027988 /* APPLocalNotificationOptions.m in Sources */ = {isa = PBXBuildFile; fileRef = 2278006A932F4E468D390F3A /* APPLocalNotificationOptions.m */; };
		1BAA87FAA26445199A2467C1 /* AddressBook.framework in Frameworks */ = {isa = PBXBuildFile; fileRef = FA09DA6CA0DD4BE98B6F6CEA /* AddressBook.framework */; };
		1D3623260D0F684500981E51 /* AppDelegate.m in Sources */ = {isa = PBXBuildFile; fileRef = 1D3623250D0F684500981E51 /* AppDelegate.m */; };
		1D60589B0D05DD56006BFB54 /* main.m in Sources */ = {isa = PBXBuildFile; fileRef = 29B97316FDCFA39411CA2CEA /* main.m */; };
		245A83FA77CD4E8BB99BFDA4 /* APPMethodMagic.m in Sources */ = {isa = PBXBuildFile; fileRef = 6AA53F00DB2C4677889293EB /* APPMethodMagic.m */; };
		28B72CCF01B94C7DAD5AA8F7 /* CDVPlugin+APPAppEvent.m in Sources */ = {isa = PBXBuildFile; fileRef = AF341BDBEBEA40B1BD3E1B41 /* CDVPlugin+APPAppEvent.m */; };
		301BF552109A68D80062928A /* libCordova.a in Frameworks */ = {isa = PBXBuildFile; fileRef = 301BF535109A57CC0062928A /* libCordova.a */; };
		302D95F114D2391D003F00A1 /* MainViewController.m in Sources */ = {isa = PBXBuildFile; fileRef = 302D95EF14D2391D003F00A1 /* MainViewController.m */; };
		302D95F214D2391D003F00A1 /* MainViewController.xib in Resources */ = {isa = PBXBuildFile; fileRef = 302D95F014D2391D003F00A1 /* MainViewController.xib */; };
		3378C896908C4E278AF4D69E /* AppDelegate+FCMPlugin.m in Sources */ = {isa = PBXBuildFile; fileRef = A2D8B633F347418C97732F23 /* AppDelegate+FCMPlugin.m */; };
		3387DEE0CF7E45AEBA4BCFD8 /* PushKit.framework in Frameworks */ = {isa = PBXBuildFile; fileRef = 445F0EACC5874C8C8DDF7B1D /* PushKit.framework */; };
		3B0EB060065C45FE95583862 /* CDVDevice.m in Sources */ = {isa = PBXBuildFile; fileRef = 78E1DBAE47314CE998515E11 /* CDVDevice.m */; };
		4E4AEA7E3E5F4B0FBDC5DC7D /* NXWWifiWizard.m in Sources */ = {isa = PBXBuildFile; fileRef = 394AC1793B8C4408BC970206 /* NXWWifiWizard.m */; };
		5C4F68E843EE4E65980570FA /* appbeep.wav in Resources */ = {isa = PBXBuildFile; fileRef = 0F73D530E6684D41AD1F3C4A /* appbeep.wav */; };
		5E9F70C9DE3444269E21D9BC /* CoreTelephony.framework in Frameworks */ = {isa = PBXBuildFile; fileRef = 039F9A132E264128A7F1FEB6 /* CoreTelephony.framework */; };
		5F74FAA98E334E95A4F36079 /* GoogleService-Info.plist in Resources */ = {isa = PBXBuildFile; fileRef = AF108224E78C42CE8EA39F97 /* GoogleService-Info.plist */; };
		5F89E1F2EEDB4E428B91D696 /* QRScanner.swift in Sources */ = {isa = PBXBuildFile; fileRef = E643CF0C886B4921855C7F98 /* QRScanner.swift */; };
		6060087F2A364047B22E5D55 /* APPLocalNotificationOptions.ios9.m in Sources */ = {isa = PBXBuildFile; fileRef = EE570BC7103B4F738F602E3B /* APPLocalNotificationOptions.ios9.m */; };
		608E8D7BBF224F33AF2610C4 /* FirebaseAnalytics.framework in Frameworks */ = {isa = PBXBuildFile; fileRef = AA542F32C48445C88E2E9C40 /* FirebaseAnalytics.framework */; };
		61CC86A2D8644F45A2935376 /* CDVConnection.m in Sources */ = {isa = PBXBuildFile; fileRef = CB6D3432BA8341A7A52DF2AD /* CDVConnection.m */; };
		6AFF5BF91D6E424B00AB3073 /* CDVLaunchScreen.storyboard in Resources */ = {isa = PBXBuildFile; fileRef = 6AFF5BF81D6E424B00AB3073 /* CDVLaunchScreen.storyboard */; };
		742D7337850C43B8A30250FE /* libsqlite3.0.tbd in Frameworks */ = {isa = PBXBuildFile; fileRef = 6782E084A6B64D618225A642 /* libsqlite3.0.tbd */; };
		782A35D21E934A01BB0D7627 /* UNMutableNotificationContent+APPLocalNotification.m in Sources */ = {isa = PBXBuildFile; fileRef = 9565F1F75B8342E7A5FC8815 /* UNMutableNotificationContent+APPLocalNotification.m */; };
		7AE8660D396447FD905B982C /* AppDelegate+APPAppEvent.m in Sources */ = {isa = PBXBuildFile; fileRef = 2B6BA58DD73241BF97BD306F /* AppDelegate+APPAppEvent.m */; };
		81C9130DADD146E49A7A52B3 /* SystemConfiguration.framework in Frameworks */ = {isa = PBXBuildFile; fileRef = BCF49ADACE5F47F7996F3480 /* SystemConfiguration.framework */; };
		84039E1048E74C23AFBD0611 /* FirebaseMessaging.framework in Frameworks */ = {isa = PBXBuildFile; fileRef = AB5235912B994E5C8EB702EF /* FirebaseMessaging.framework */; };
		952B7DEFCC38409A87DF689C /* GoogleUtilities.framework in Frameworks */ = {isa = PBXBuildFile; fileRef = EC18F9E4EFED4D278278EDA2 /* GoogleUtilities.framework */; };
		9F8D6AF85FDA412A845AD203 /* UNNotificationRequest+APPLocalNotification.m in Sources */ = {isa = PBXBuildFile; fileRef = EA9A339698EA4CBF90956837 /* UNNotificationRequest+APPLocalNotification.m */; };
		9FB9091B6FFC45DA96150DEC /* APPLocalNotification.m in Sources */ = {isa = PBXBuildFile; fileRef = 0809F86FDCDB4F37BA37A709 /* APPLocalNotification.m */; };
		A7CA1C0B21EC4546ABD41AD0 /* UserNotifications.framework in Frameworks */ = {isa = PBXBuildFile; fileRef = 24AA95757ED743E899904053 /* UserNotifications.framework */; };
		ACA5B7D304C6425E97AB120C /* libz.tbd in Frameworks */ = {isa = PBXBuildFile; fileRef = AB8F321A9F284B09AAC3F035 /* libz.tbd */; };
		ADE6FE77A7F9498FAF19F229 /* CDVViewController+SplashScreen.m in Sources */ = {isa = PBXBuildFile; fileRef = 3BEB12AF61CD4120BA8CCBC5 /* CDVViewController+SplashScreen.m */; };
		AF1D389D58EF4A548ED784BC /* PushPlugin.m in Sources */ = {isa = PBXBuildFile; fileRef = FE9411C0121D4C5697E1AB90 /* PushPlugin.m */; };
		B4CFDF8AEC024B588510A51B /* IonicKeyboard.m in Sources */ = {isa = PBXBuildFile; fileRef = B8F3B68E7CDF44CD81DFAB5D /* IonicKeyboard.m */; };
		B7883F7DA4C84C0BB2FDA8EA /* libc++.tbd in Frameworks */ = {isa = PBXBuildFile; fileRef = 76E31FBDB957454DA66C9656 /* libc++.tbd */; };
		C6863472F68E458E8BD44D27 /* FirebaseInstanceID.framework in Frameworks */ = {isa = PBXBuildFile; fileRef = F84A1CD252364E04A2FC1B94 /* FirebaseInstanceID.framework */; };
		CB70629E318F42E7AF6A7280 /* GoogleInterchangeUtilities.framework in Frameworks */ = {isa = PBXBuildFile; fileRef = E3048008D5404BED8832E492 /* GoogleInterchangeUtilities.framework */; };
		CCA53AEABCE689A9E632A7FC /* libPods-Hydroponic.a in Frameworks */ = {isa = PBXBuildFile; fileRef = 6F6DF30172C298D523036141 /* libPods-Hydroponic.a */; };
		DB674720DA1D429493EA23F1 /* GoogleSymbolUtilities.framework in Frameworks */ = {isa = PBXBuildFile; fileRef = 0FFA1376C0744EEAAB6B1784 /* GoogleSymbolUtilities.framework */; };
		E087D7EA61B0494AB2F17075 /* FirebaseCore.framework in Frameworks */ = {isa = PBXBuildFile; fileRef = F7B62B3C18DE48C0920D8F7B /* FirebaseCore.framework */; };
		E1348B42621F4AAA8C609A9F /* UILocalNotification+APPLocalNotification.ios9.m in Sources */ = {isa = PBXBuildFile; fileRef = FE165892EEA14E45B46DF530 /* UILocalNotification+APPLocalNotification.ios9.m */; };
		E17D9932FC0D4D00B9D02D20 /* APPBackgroundMode.m in Sources */ = {isa = PBXBuildFile; fileRef = 4C086F38E2A542D4B2C673D5 /* APPBackgroundMode.m */; };
		EA8A0C47D9D34996808F706B /* FCMPlugin.m in Sources */ = {isa = PBXBuildFile; fileRef = 70D943DBCE424FFA827F7B83 /* FCMPlugin.m */; };
		FF5FC11D391442B5920AEACA /* Security.framework in Frameworks */ = {isa = PBXBuildFile; fileRef = E4F5BBB2847F4BA6A22672FB /* Security.framework */; };
		A1415B9864BA42E181D1A373 /* esptouch.m in Sources */ = {isa = PBXBuildFile; fileRef = 2DA3B5DA94BC41268E6020A0 /* esptouch.m */; };
		D5CA3C8FD1E841E8B359BEE4 /* esptouch in Resources */ = {isa = PBXBuildFile; fileRef = 1D0A7E6403904E41B306F80A /* esptouch */; };
		49FE0AB5D04F449B8B5B161C /* libEsptouch_v0.3.5.3.a in Frameworks */ = {isa = PBXBuildFile; fileRef = A2F25625494045229F290260 /* libEsptouch_v0.3.5.3.a */; };
		571BA45D71E14B1BA24D2ED0 /* UIKit.framework in Frameworks */ = {isa = PBXBuildFile; fileRef = D503B3F4B0B64D69AC393F1D /* UIKit.framework */; };
		7AAA5A07BAC0476284F775EC /* Foundation.framework in Frameworks */ = {isa = PBXBuildFile; fileRef = A38FA9A0DA874818A600B716 /* Foundation.framework */; };
/* End PBXBuildFile section */

/* Begin PBXContainerItemProxy section */
		301BF534109A57CC0062928A /* PBXContainerItemProxy */ = {
			isa = PBXContainerItemProxy;
			containerPortal = 301BF52D109A57CC0062928A /* CordovaLib.xcodeproj */;
			proxyType = 2;
			remoteGlobalIDString = D2AAC07E0554694100DB518D;
			remoteInfo = CordovaLib;
		};
		301BF550109A68C00062928A /* PBXContainerItemProxy */ = {
			isa = PBXContainerItemProxy;
			containerPortal = 301BF52D109A57CC0062928A /* CordovaLib.xcodeproj */;
			proxyType = 1;
			remoteGlobalIDString = D2AAC07D0554694100DB518D;
			remoteInfo = CordovaLib;
		};
/* End PBXContainerItemProxy section */

/* Begin PBXFileReference section */
		0207DA571B56EA530066E2B4 /* Images.xcassets */ = {isa = PBXFileReference; lastKnownFileType = folder.assetcatalog; name = Images.xcassets; path = Hydroponic/Images.xcassets; sourceTree = SOURCE_ROOT; };
		039F9A132E264128A7F1FEB6 /* CoreTelephony.framework */ = {isa = PBXFileReference; explicitFileType = undefined; fileEncoding = undefined; includeInIndex = 0; lastKnownFileType = wrapper.framework; name = CoreTelephony.framework; path = System/Library/Frameworks/CoreTelephony.framework; sourceTree = SDKROOT; };
		072A353C254B476B8B016FF0 /* IonicKeyboard.h */ = {isa = PBXFileReference; explicitFileType = undefined; fileEncoding = 4; includeInIndex = 0; lastKnownFileType = sourcecode.c.h; name = IonicKeyboard.h; path = "ionic-plugin-keyboard/IonicKeyboard.h"; sourceTree = "<group>"; };
		0809F86FDCDB4F37BA37A709 /* APPLocalNotification.m */ = {isa = PBXFileReference; explicitFileType = undefined; fileEncoding = 4; includeInIndex = 0; lastKnownFileType = sourcecode.c.objc; name = APPLocalNotification.m; path = "de.appplant.cordova.plugin.local-notification/APPLocalNotification.m"; sourceTree = "<group>"; };
		0ACB2FD3CB08400E81B93B45 /* UIApplication+APPLocalNotification.ios9.h */ = {isa = PBXFileReference; explicitFileType = undefined; fileEncoding = 4; includeInIndex = 0; lastKnownFileType = sourcecode.c.h; name = "UIApplication+APPLocalNotification.ios9.h"; path = "de.appplant.cordova.plugin.local-notification/UIApplication+APPLocalNotification.ios9.h"; sourceTree = "<group>"; };
		0F73D530E6684D41AD1F3C4A /* appbeep.wav */ = {isa = PBXFileReference; explicitFileType = undefined; fileEncoding = undefined; includeInIndex = 0; lastKnownFileType = unknown; name = appbeep.wav; path = appbeep.wav; sourceTree = "<group>"; };
		0FFA1376C0744EEAAB6B1784 /* GoogleSymbolUtilities.framework */ = {isa = PBXFileReference; explicitFileType = undefined; fileEncoding = undefined; includeInIndex = 0; lastKnownFileType = wrapper.framework; name = GoogleSymbolUtilities.framework; path = "Hydroponic/Plugins/cordova-plugin-fcm/GoogleSymbolUtilities.framework"; sourceTree = "<group>"; };
		13C40B6EACD9480CB95423D3 /* APPAppEventDelegate.h */ = {isa = PBXFileReference; explicitFileType = undefined; fileEncoding = 4; includeInIndex = 0; lastKnownFileType = sourcecode.c.h; name = APPAppEventDelegate.h; path = "cordova-plugin-app-event/APPAppEventDelegate.h"; sourceTree = "<group>"; };
		1CB6F61C55FC450B8B0BE956 /* FCMPlugin.h */ = {isa = PBXFileReference; explicitFileType = undefined; fileEncoding = 4; includeInIndex = 0; lastKnownFileType = sourcecode.c.h; name = FCMPlugin.h; path = "cordova-plugin-fcm/FCMPlugin.h"; sourceTree = "<group>"; };
		1D3623240D0F684500981E51 /* AppDelegate.h */ = {isa = PBXFileReference; fileEncoding = 4; lastKnownFileType = sourcecode.c.h; path = AppDelegate.h; sourceTree = "<group>"; };
		1D3623250D0F684500981E51 /* AppDelegate.m */ = {isa = PBXFileReference; fileEncoding = 4; lastKnownFileType = sourcecode.c.objc; path = AppDelegate.m; sourceTree = "<group>"; };
		1D6058910D05DD3D006BFB54 /* Hydroponic.app */ = {isa = PBXFileReference; explicitFileType = wrapper.application; includeInIndex = 0; path = Hydroponic.app; sourceTree = BUILT_PRODUCTS_DIR; };
		2278006A932F4E468D390F3A /* APPLocalNotificationOptions.m */ = {isa = PBXFileReference; explicitFileType = undefined; fileEncoding = 4; includeInIndex = 0; lastKnownFileType = sourcecode.c.objc; name = APPLocalNotificationOptions.m; path = "de.appplant.cordova.plugin.local-notification/APPLocalNotificationOptions.m"; sourceTree = "<group>"; };
		24AA95757ED743E899904053 /* UserNotifications.framework */ = {isa = PBXFileReference; explicitFileType = undefined; fileEncoding = undefined; includeInIndex = 0; lastKnownFileType = wrapper.framework; name = UserNotifications.framework; path = System/Library/Frameworks/UserNotifications.framework; sourceTree = SDKROOT; };
		25DBDB8E1C544B3A998D7E90 /* CDVReachability.h */ = {isa = PBXFileReference; explicitFileType = undefined; fileEncoding = 4; includeInIndex = 0; lastKnownFileType = sourcecode.c.h; name = CDVReachability.h; path = "cordova-plugin-network-information/CDVReachability.h"; sourceTree = "<group>"; };
		29B97316FDCFA39411CA2CEA /* main.m */ = {isa = PBXFileReference; fileEncoding = 4; lastKnownFileType = sourcecode.c.objc; path = main.m; sourceTree = "<group>"; };
		29E24BFA44BE48ADA21329E6 /* UNUserNotificationCenter+APPLocalNotification.h */ = {isa = PBXFileReference; explicitFileType = undefined; fileEncoding = 4; includeInIndex = 0; lastKnownFileType = sourcecode.c.h; name = "UNUserNotificationCenter+APPLocalNotification.h"; path = "de.appplant.cordova.plugin.local-notification/UNUserNotificationCenter+APPLocalNotification.h"; sourceTree = "<group>"; };
		2B6BA58DD73241BF97BD306F /* AppDelegate+APPAppEvent.m */ = {isa = PBXFileReference; explicitFileType = undefined; fileEncoding = 4; includeInIndex = 0; lastKnownFileType = sourcecode.c.objc; name = "AppDelegate+APPAppEvent.m"; path = "cordova-plugin-app-event/AppDelegate+APPAppEvent.m"; sourceTree = "<group>"; };
		301BF52D109A57CC0062928A /* CordovaLib.xcodeproj */ = {isa = PBXFileReference; lastKnownFileType = "wrapper.pb-project"; path = CordovaLib/CordovaLib.xcodeproj; sourceTree = "<group>"; };
		301BF56E109A69640062928A /* www */ = {isa = PBXFileReference; lastKnownFileType = folder; path = www; sourceTree = SOURCE_ROOT; };
		302D95EE14D2391D003F00A1 /* MainViewController.h */ = {isa = PBXFileReference; fileEncoding = 4; lastKnownFileType = sourcecode.c.h; path = MainViewController.h; sourceTree = "<group>"; };
		302D95EF14D2391D003F00A1 /* MainViewController.m */ = {isa = PBXFileReference; fileEncoding = 4; lastKnownFileType = sourcecode.c.objc; path = MainViewController.m; sourceTree = "<group>"; };
		302D95F014D2391D003F00A1 /* MainViewController.xib */ = {isa = PBXFileReference; fileEncoding = 4; lastKnownFileType = file.xib; path = MainViewController.xib; sourceTree = "<group>"; };
		3047A50F1AB8059700498E2A /* build-debug.xcconfig */ = {isa = PBXFileReference; fileEncoding = 4; lastKnownFileType = text.xcconfig; name = "build-debug.xcconfig"; path = "cordova/build-debug.xcconfig"; sourceTree = SOURCE_ROOT; };
		3047A5101AB8059700498E2A /* build-release.xcconfig */ = {isa = PBXFileReference; fileEncoding = 4; lastKnownFileType = text.xcconfig; name = "build-release.xcconfig"; path = "cordova/build-release.xcconfig"; sourceTree = SOURCE_ROOT; };
		3047A5111AB8059700498E2A /* build.xcconfig */ = {isa = PBXFileReference; fileEncoding = 4; lastKnownFileType = text.xcconfig; name = build.xcconfig; path = cordova/build.xcconfig; sourceTree = SOURCE_ROOT; };
		32CA4F630368D1EE00C91783 /* Hydroponic-Prefix.pch */ = {isa = PBXFileReference; fileEncoding = 4; lastKnownFileType = sourcecode.c.h; path = "Hydroponic-Prefix.pch"; sourceTree = "<group>"; };
		394AC1793B8C4408BC970206 /* NXWWifiWizard.m */ = {isa = PBXFileReference; explicitFileType = undefined; fileEncoding = 4; includeInIndex = 0; lastKnownFileType = sourcecode.c.objc; name = NXWWifiWizard.m; path = com.pylonproducts.wifiwizard/NXWWifiWizard.m; sourceTree = "<group>"; };
		3B40BB3D6A10473CAA950D31 /* CDVPlugin+APPAppEvent.h */ = {isa = PBXFileReference; explicitFileType = undefined; fileEncoding = 4; includeInIndex = 0; lastKnownFileType = sourcecode.c.h; name = "CDVPlugin+APPAppEvent.h"; path = "cordova-plugin-app-event/CDVPlugin+APPAppEvent.h"; sourceTree = "<group>"; };
		3BEB12AF61CD4120BA8CCBC5 /* CDVViewController+SplashScreen.m */ = {isa = PBXFileReference; explicitFileType = undefined; fileEncoding = 4; includeInIndex = 0; lastKnownFileType = sourcecode.c.objc; name = "CDVViewController+SplashScreen.m"; path = "cordova-plugin-splashscreen/CDVViewController+SplashScreen.m"; sourceTree = "<group>"; };
		3FD1B08FD1FB48988CF9410E /* UNNotificationRequest+APPLocalNotification.h */ = {isa = PBXFileReference; explicitFileType = undefined; fileEncoding = 4; includeInIndex = 0; lastKnownFileType = sourcecode.c.h; name = "UNNotificationRequest+APPLocalNotification.h"; path = "de.appplant.cordova.plugin.local-notification/UNNotificationRequest+APPLocalNotification.h"; sourceTree = "<group>"; };
		445F0EACC5874C8C8DDF7B1D /* PushKit.framework */ = {isa = PBXFileReference; explicitFileType = undefined; fileEncoding = undefined; includeInIndex = 0; lastKnownFileType = wrapper.framework; name = PushKit.framework; path = System/Library/Frameworks/PushKit.framework; sourceTree = SDKROOT; };
		4B378B47FF924A42BB9B433B /* CDVViewController+SplashScreen.h */ = {isa = PBXFileReference; explicitFileType = undefined; fileEncoding = 4; includeInIndex = 0; lastKnownFileType = sourcecode.c.h; name = "CDVViewController+SplashScreen.h"; path = "cordova-plugin-splashscreen/CDVViewController+SplashScreen.h"; sourceTree = "<group>"; };
		4C086F38E2A542D4B2C673D5 /* APPBackgroundMode.m */ = {isa = PBXFileReference; explicitFileType = undefined; fileEncoding = 4; includeInIndex = 0; lastKnownFileType = sourcecode.c.objc; name = APPBackgroundMode.m; path = "cordova-plugin-background-mode/APPBackgroundMode.m"; sourceTree = "<group>"; };
		4DE0289C70424A94B2B429AD /* UILocalNotification+APPLocalNotification.ios9.h */ = {isa = PBXFileReference; explicitFileType = undefined; fileEncoding = 4; includeInIndex = 0; lastKnownFileType = sourcecode.c.h; name = "UILocalNotification+APPLocalNotification.ios9.h"; path = "de.appplant.cordova.plugin.local-notification/UILocalNotification+APPLocalNotification.ios9.h"; sourceTree = "<group>"; };
		62F2DF69F1E54E588FBB8BB5 /* APPMethodMagic.h */ = {isa = PBXFileReference; explicitFileType = undefined; fileEncoding = 4; includeInIndex = 0; lastKnownFileType = sourcecode.c.h; name = APPMethodMagic.h; path = "cordova-plugin-background-mode/APPMethodMagic.h"; sourceTree = "<group>"; };
		65AA4F8232F94F7690D9F2EA /* Firebase.h */ = {isa = PBXFileReference; explicitFileType = undefined; fileEncoding = 4; includeInIndex = 0; lastKnownFileType = sourcecode.c.h; name = Firebase.h; path = "cordova-plugin-fcm/Firebase.h"; sourceTree = "<group>"; };
		6782E084A6B64D618225A642 /* libsqlite3.0.tbd */ = {isa = PBXFileReference; explicitFileType = undefined; fileEncoding = undefined; includeInIndex = 0; lastKnownFileType = "sourcecode.text-based-dylib-definition"; name = libsqlite3.0.tbd; path = usr/lib/libsqlite3.0.tbd; sourceTree = SDKROOT; };
		6AA53F00DB2C4677889293EB /* APPMethodMagic.m */ = {isa = PBXFileReference; explicitFileType = undefined; fileEncoding = 4; includeInIndex = 0; lastKnownFileType = sourcecode.c.objc; name = APPMethodMagic.m; path = "cordova-plugin-background-mode/APPMethodMagic.m"; sourceTree = "<group>"; };
		6AFF5BF81D6E424B00AB3073 /* CDVLaunchScreen.storyboard */ = {isa = PBXFileReference; fileEncoding = 4; lastKnownFileType = file.storyboard; name = CDVLaunchScreen.storyboard; path = Hydroponic/CDVLaunchScreen.storyboard; sourceTree = SOURCE_ROOT; };
		6ED2E30F4A55443EAA09B622 /* CDVStatusBar.m */ = {isa = PBXFileReference; explicitFileType = undefined; fileEncoding = 4; includeInIndex = 0; lastKnownFileType = sourcecode.c.objc; name = CDVStatusBar.m; path = "cordova-plugin-statusbar/CDVStatusBar.m"; sourceTree = "<group>"; };
		6F6DF30172C298D523036141 /* libPods-Hydroponic.a */ = {isa = PBXFileReference; explicitFileType = archive.ar; includeInIndex = 0; path = "libPods-Hydroponic.a"; sourceTree = BUILT_PRODUCTS_DIR; };
		6FFD2807025A4CAAA7AE7981 /* PushPlugin.h */ = {isa = PBXFileReference; explicitFileType = undefined; fileEncoding = 4; includeInIndex = 0; lastKnownFileType = sourcecode.c.h; name = PushPlugin.h; path = "phonegap-plugin-push/PushPlugin.h"; sourceTree = "<group>"; };
		70D943DBCE424FFA827F7B83 /* FCMPlugin.m */ = {isa = PBXFileReference; explicitFileType = undefined; fileEncoding = 4; includeInIndex = 0; lastKnownFileType = sourcecode.c.objc; name = FCMPlugin.m; path = "cordova-plugin-fcm/FCMPlugin.m"; sourceTree = "<group>"; };
		76E31FBDB957454DA66C9656 /* libc++.tbd */ = {isa = PBXFileReference; explicitFileType = undefined; fileEncoding = undefined; includeInIndex = 0; lastKnownFileType = "sourcecode.text-based-dylib-definition"; name = "libc++.tbd"; path = "usr/lib/libc++.tbd"; sourceTree = SDKROOT; };
		78E1DBAE47314CE998515E11 /* CDVDevice.m */ = {isa = PBXFileReference; explicitFileType = undefined; fileEncoding = 4; includeInIndex = 0; lastKnownFileType = sourcecode.c.objc; name = CDVDevice.m; path = "cordova-plugin-device/CDVDevice.m"; sourceTree = "<group>"; };
		875C23D92D6B4CE994429DEA /* AppDelegate+APPAppEvent.h */ = {isa = PBXFileReference; explicitFileType = undefined; fileEncoding = 4; includeInIndex = 0; lastKnownFileType = sourcecode.c.h; name = "AppDelegate+APPAppEvent.h"; path = "cordova-plugin-app-event/AppDelegate+APPAppEvent.h"; sourceTree = "<group>"; };
		8CF8D117FF494D14A2968489 /* AppDelegate+FCMPlugin.h */ = {isa = PBXFileReference; explicitFileType = undefined; fileEncoding = 4; includeInIndex = 0; lastKnownFileType = sourcecode.c.h; name = "AppDelegate+FCMPlugin.h"; path = "cordova-plugin-fcm/AppDelegate+FCMPlugin.h"; sourceTree = "<group>"; };
		8D1107310486CEB800E47090 /* Hydroponic-Info.plist */ = {isa = PBXFileReference; fileEncoding = 4; lastKnownFileType = text.plist.xml; name = "Hydroponic-Info.plist"; path = "Hydroponic/Hydroponic-Info.plist"; plistStructureDefinitionIdentifier = "com.apple.xcode.plist.structure-definition.iphone.info-plist"; sourceTree = SOURCE_ROOT; };
		9565F1F75B8342E7A5FC8815 /* UNMutableNotificationContent+APPLocalNotification.m */ = {isa = PBXFileReference; explicitFileType = undefined; fileEncoding = 4; includeInIndex = 0; lastKnownFileType = sourcecode.c.objc; name = "UNMutableNotificationContent+APPLocalNotification.m"; path = "de.appplant.cordova.plugin.local-notification/UNMutableNotificationContent+APPLocalNotification.m"; sourceTree = "<group>"; };
		9BE93F13CC8E42BA8A3870D1 /* CDVSplashScreen.h */ = {isa = PBXFileReference; explicitFileType = undefined; fileEncoding = 4; includeInIndex = 0; lastKnownFileType = sourcecode.c.h; name = CDVSplashScreen.h; path = "cordova-plugin-splashscreen/CDVSplashScreen.h"; sourceTree = "<group>"; };
		A2D8B633F347418C97732F23 /* AppDelegate+FCMPlugin.m */ = {isa = PBXFileReference; explicitFileType = undefined; fileEncoding = 4; includeInIndex = 0; lastKnownFileType = sourcecode.c.objc; name = "AppDelegate+FCMPlugin.m"; path = "cordova-plugin-fcm/AppDelegate+FCMPlugin.m"; sourceTree = "<group>"; };
		A8D1ABEF9CB644A8983F3322 /* NXWWifiWizard.h */ = {isa = PBXFileReference; explicitFileType = undefined; fileEncoding = 4; includeInIndex = 0; lastKnownFileType = sourcecode.c.h; name = NXWWifiWizard.h; path = com.pylonproducts.wifiwizard/NXWWifiWizard.h; sourceTree = "<group>"; };
		AA542F32C48445C88E2E9C40 /* FirebaseAnalytics.framework */ = {isa = PBXFileReference; explicitFileType = undefined; fileEncoding = undefined; includeInIndex = 0; lastKnownFileType = wrapper.framework; name = FirebaseAnalytics.framework; path = "Hydroponic/Plugins/cordova-plugin-fcm/FirebaseAnalytics.framework"; sourceTree = "<group>"; };
		AAA6DB26D14D485CBDAFD288 /* CDVConnection.h */ = {isa = PBXFileReference; explicitFileType = undefined; fileEncoding = 4; includeInIndex = 0; lastKnownFileType = sourcecode.c.h; name = CDVConnection.h; path = "cordova-plugin-network-information/CDVConnection.h"; sourceTree = "<group>"; };
		AB5235912B994E5C8EB702EF /* FirebaseMessaging.framework */ = {isa = PBXFileReference; explicitFileType = undefined; fileEncoding = undefined; includeInIndex = 0; lastKnownFileType = wrapper.framework; name = FirebaseMessaging.framework; path = "Hydroponic/Plugins/cordova-plugin-fcm/FirebaseMessaging.framework"; sourceTree = "<group>"; };
		AB8F321A9F284B09AAC3F035 /* libz.tbd */ = {isa = PBXFileReference; explicitFileType = undefined; fileEncoding = undefined; includeInIndex = 0; lastKnownFileType = "sourcecode.text-based-dylib-definition"; name = libz.tbd; path = usr/lib/libz.tbd; sourceTree = SDKROOT; };
		AF108224E78C42CE8EA39F97 /* GoogleService-Info.plist */ = {isa = PBXFileReference; explicitFileType = undefined; fileEncoding = 4; includeInIndex = 0; lastKnownFileType = text.plist.xml; name = "GoogleService-Info.plist"; path = "Resources/GoogleService-Info.plist"; sourceTree = "<group>"; };
		AF341BDBEBEA40B1BD3E1B41 /* CDVPlugin+APPAppEvent.m */ = {isa = PBXFileReference; explicitFileType = undefined; fileEncoding = 4; includeInIndex = 0; lastKnownFileType = sourcecode.c.objc; name = "CDVPlugin+APPAppEvent.m"; path = "cordova-plugin-app-event/CDVPlugin+APPAppEvent.m"; sourceTree = "<group>"; };
		B2C2E8F9AF0E4A9C84C4531C /* CDVReachability.m */ = {isa = PBXFileReference; explicitFileType = undefined; fileEncoding = 4; includeInIndex = 0; lastKnownFileType = sourcecode.c.objc; name = CDVReachability.m; path = "cordova-plugin-network-information/CDVReachability.m"; sourceTree = "<group>"; };
		B5EB07FB8EC3460F97D92425 /* AppDelegate+notification.h */ = {isa = PBXFileReference; explicitFileType = undefined; fileEncoding = 4; includeInIndex = 0; lastKnownFileType = sourcecode.c.h; name = "AppDelegate+notification.h"; path = "phonegap-plugin-push/AppDelegate+notification.h"; sourceTree = "<group>"; };
		B8DBB5315747479F9F30F904 /* UNMutableNotificationContent+APPLocalNotification.h */ = {isa = PBXFileReference; explicitFileType = undefined; fileEncoding = 4; includeInIndex = 0; lastKnownFileType = sourcecode.c.h; name = "UNMutableNotificationContent+APPLocalNotification.h"; path = "de.appplant.cordova.plugin.local-notification/UNMutableNotificationContent+APPLocalNotification.h"; sourceTree = "<group>"; };
		B8F3B68E7CDF44CD81DFAB5D /* IonicKeyboard.m */ = {isa = PBXFileReference; explicitFileType = undefined; fileEncoding = 4; includeInIndex = 0; lastKnownFileType = sourcecode.c.objc; name = IonicKeyboard.m; path = "ionic-plugin-keyboard/IonicKeyboard.m"; sourceTree = "<group>"; };
		B94CC369A7F6472987AEE0F5 /* APPBackgroundMode.h */ = {isa = PBXFileReference; explicitFileType = undefined; fileEncoding = 4; includeInIndex = 0; lastKnownFileType = sourcecode.c.h; name = APPBackgroundMode.h; path = "cordova-plugin-background-mode/APPBackgroundMode.h"; sourceTree = "<group>"; };
		BCF49ADACE5F47F7996F3480 /* SystemConfiguration.framework */ = {isa = PBXFileReference; explicitFileType = undefined; fileEncoding = undefined; includeInIndex = 0; lastKnownFileType = wrapper.framework; name = SystemConfiguration.framework; path = System/Library/Frameworks/SystemConfiguration.framework; sourceTree = SDKROOT; };
		BE2864A11CF74671AC75AB71 /* APPLocalNotification.h */ = {isa = PBXFileReference; explicitFileType = undefined; fileEncoding = 4; includeInIndex = 0; lastKnownFileType = sourcecode.c.h; name = APPLocalNotification.h; path = "de.appplant.cordova.plugin.local-notification/APPLocalNotification.h"; sourceTree = "<group>"; };
		BFCF268D36DA4FF0A4A3261A /* AppDelegate+notification.m */ = {isa = PBXFileReference; explicitFileType = undefined; fileEncoding = 4; includeInIndex = 0; lastKnownFileType = sourcecode.c.objc; name = "AppDelegate+notification.m"; path = "phonegap-plugin-push/AppDelegate+notification.m"; sourceTree = "<group>"; };
		C26F7617F44E41778FDAB6DB /* APPLocalNotificationOptions.ios9.h */ = {isa = PBXFileReference; explicitFileType = undefined; fileEncoding = 4; includeInIndex = 0; lastKnownFileType = sourcecode.c.h; name = APPLocalNotificationOptions.ios9.h; path = "de.appplant.cordova.plugin.local-notification/APPLocalNotificationOptions.ios9.h"; sourceTree = "<group>"; };
		C2E5973952AA4723BCF676C5 /* UNUserNotificationCenter+APPLocalNotification.m */ = {isa = PBXFileReference; explicitFileType = undefined; fileEncoding = 4; includeInIndex = 0; lastKnownFileType = sourcecode.c.objc; name = "UNUserNotificationCenter+APPLocalNotification.m"; path = "de.appplant.cordova.plugin.local-notification/UNUserNotificationCenter+APPLocalNotification.m"; sourceTree = "<group>"; };
		C51E4C2C15CD419A8114B2D9 /* CDVStatusBar.h */ = {isa = PBXFileReference; explicitFileType = undefined; fileEncoding = 4; includeInIndex = 0; lastKnownFileType = sourcecode.c.h; name = CDVStatusBar.h; path = "cordova-plugin-statusbar/CDVStatusBar.h"; sourceTree = "<group>"; };
		CB6D3432BA8341A7A52DF2AD /* CDVConnection.m */ = {isa = PBXFileReference; explicitFileType = undefined; fileEncoding = 4; includeInIndex = 0; lastKnownFileType = sourcecode.c.objc; name = CDVConnection.m; path = "cordova-plugin-network-information/CDVConnection.m"; sourceTree = "<group>"; };
		E3048008D5404BED8832E492 /* GoogleInterchangeUtilities.framework */ = {isa = PBXFileReference; explicitFileType = undefined; fileEncoding = undefined; includeInIndex = 0; lastKnownFileType = wrapper.framework; name = GoogleInterchangeUtilities.framework; path = "Hydroponic/Plugins/cordova-plugin-fcm/GoogleInterchangeUtilities.framework"; sourceTree = "<group>"; };
		E4F5BBB2847F4BA6A22672FB /* Security.framework */ = {isa = PBXFileReference; explicitFileType = undefined; fileEncoding = undefined; includeInIndex = 0; lastKnownFileType = wrapper.framework; name = Security.framework; path = System/Library/Frameworks/Security.framework; sourceTree = SDKROOT; };
		E643CF0C886B4921855C7F98 /* QRScanner.swift */ = {isa = PBXFileReference; explicitFileType = undefined; fileEncoding = 4; includeInIndex = 0; lastKnownFileType = sourcecode.swift; name = QRScanner.swift; path = "cordova-plugin-qrscanner/QRScanner.swift"; sourceTree = "<group>"; };
		E92191BD8B2F48D4830AC0C6 /* UIApplication+APPLocalNotification.ios9.m */ = {isa = PBXFileReference; explicitFileType = undefined; fileEncoding = 4; includeInIndex = 0; lastKnownFileType = sourcecode.c.objc; name = "UIApplication+APPLocalNotification.ios9.m"; path = "de.appplant.cordova.plugin.local-notification/UIApplication+APPLocalNotification.ios9.m"; sourceTree = "<group>"; };
		EA9A339698EA4CBF90956837 /* UNNotificationRequest+APPLocalNotification.m */ = {isa = PBXFileReference; explicitFileType = undefined; fileEncoding = 4; includeInIndex = 0; lastKnownFileType = sourcecode.c.objc; name = "UNNotificationRequest+APPLocalNotification.m"; path = "de.appplant.cordova.plugin.local-notification/UNNotificationRequest+APPLocalNotification.m"; sourceTree = "<group>"; };
		EB87FDF31871DA8E0020F90C /* www */ = {isa = PBXFileReference; lastKnownFileType = folder; name = www; path = ../../www; sourceTree = "<group>"; };
		EB87FDF41871DAF40020F90C /* config.xml */ = {isa = PBXFileReference; lastKnownFileType = text.xml; name = config.xml; path = ../../config.xml; sourceTree = "<group>"; };
		EC18F9E4EFED4D278278EDA2 /* GoogleUtilities.framework */ = {isa = PBXFileReference; explicitFileType = undefined; fileEncoding = undefined; includeInIndex = 0; lastKnownFileType = wrapper.framework; name = GoogleUtilities.framework; path = "Hydroponic/Plugins/cordova-plugin-fcm/GoogleUtilities.framework"; sourceTree = "<group>"; };
		ED33DF2A687741AEAF9F8254 /* Bridging-Header.h */ = {isa = PBXFileReference; fileEncoding = 4; lastKnownFileType = sourcecode.c.h; name = "Bridging-Header.h"; path = "Bridging-Header.h"; sourceTree = "<group>"; };
		ED353BEDEAA14A26B76E5454 /* GoogleIPhoneUtilities.framework */ = {isa = PBXFileReference; explicitFileType = undefined; fileEncoding = undefined; includeInIndex = 0; lastKnownFileType = wrapper.framework; name = GoogleIPhoneUtilities.framework; path = "Hydroponic/Plugins/cordova-plugin-fcm/GoogleIPhoneUtilities.framework"; sourceTree = "<group>"; };
		EE570BC7103B4F738F602E3B /* APPLocalNotificationOptions.ios9.m */ = {isa = PBXFileReference; explicitFileType = undefined; fileEncoding = 4; includeInIndex = 0; lastKnownFileType = sourcecode.c.objc; name = APPLocalNotificationOptions.ios9.m; path = "de.appplant.cordova.plugin.local-notification/APPLocalNotificationOptions.ios9.m"; sourceTree = "<group>"; };
		EF1824F73DFF49D6BAF3A883 /* CDVSplashScreen.m */ = {isa = PBXFileReference; explicitFileType = undefined; fileEncoding = 4; includeInIndex = 0; lastKnownFileType = sourcecode.c.objc; name = CDVSplashScreen.m; path = "cordova-plugin-splashscreen/CDVSplashScreen.m"; sourceTree = "<group>"; };
		F03AF222AC3F4AC7A18CE3DC /* APPLocalNotificationOptions.h */ = {isa = PBXFileReference; explicitFileType = undefined; fileEncoding = 4; includeInIndex = 0; lastKnownFileType = sourcecode.c.h; name = APPLocalNotificationOptions.h; path = "de.appplant.cordova.plugin.local-notification/APPLocalNotificationOptions.h"; sourceTree = "<group>"; };
		F70B458D138841588966A6F2 /* CDVDevice.h */ = {isa = PBXFileReference; explicitFileType = undefined; fileEncoding = 4; includeInIndex = 0; lastKnownFileType = sourcecode.c.h; name = CDVDevice.h; path = "cordova-plugin-device/CDVDevice.h"; sourceTree = "<group>"; };
		F7B62B3C18DE48C0920D8F7B /* FirebaseCore.framework */ = {isa = PBXFileReference; explicitFileType = undefined; fileEncoding = undefined; includeInIndex = 0; lastKnownFileType = wrapper.framework; name = FirebaseCore.framework; path = "Hydroponic/Plugins/cordova-plugin-fcm/FirebaseCore.framework"; sourceTree = "<group>"; };
		F840E1F0165FE0F500CFE078 /* config.xml */ = {isa = PBXFileReference; lastKnownFileType = text.xml; name = config.xml; path = Hydroponic/config.xml; sourceTree = "<group>"; };
		F84A1CD252364E04A2FC1B94 /* FirebaseInstanceID.framework */ = {isa = PBXFileReference; explicitFileType = undefined; fileEncoding = undefined; includeInIndex = 0; lastKnownFileType = wrapper.framework; name = FirebaseInstanceID.framework; path = "Hydroponic/Plugins/cordova-plugin-fcm/FirebaseInstanceID.framework"; sourceTree = "<group>"; };
		FA09DA6CA0DD4BE98B6F6CEA /* AddressBook.framework */ = {isa = PBXFileReference; explicitFileType = undefined; fileEncoding = undefined; includeInIndex = 0; lastKnownFileType = wrapper.framework; name = AddressBook.framework; path = System/Library/Frameworks/AddressBook.framework; sourceTree = SDKROOT; };
		FE165892EEA14E45B46DF530 /* UILocalNotification+APPLocalNotification.ios9.m */ = {isa = PBXFileReference; explicitFileType = undefined; fileEncoding = 4; includeInIndex = 0; lastKnownFileType = sourcecode.c.objc; name = "UILocalNotification+APPLocalNotification.ios9.m"; path = "de.appplant.cordova.plugin.local-notification/UILocalNotification+APPLocalNotification.ios9.m"; sourceTree = "<group>"; };
		FE9411C0121D4C5697E1AB90 /* PushPlugin.m */ = {isa = PBXFileReference; explicitFileType = undefined; fileEncoding = 4; includeInIndex = 0; lastKnownFileType = sourcecode.c.objc; name = PushPlugin.m; path = "phonegap-plugin-push/PushPlugin.m"; sourceTree = "<group>"; };
		2DA3B5DA94BC41268E6020A0 /* esptouch.m */ = {isa = PBXFileReference; name = "esptouch.m"; path = "cordova-plugin-esptouch/esptouch.m"; sourceTree = "<group>"; fileEncoding = 4; lastKnownFileType = sourcecode.c.objc; explicitFileType = undefined; includeInIndex = 0; };
		1D0A7E6403904E41B306F80A /* esptouch */ = {isa = PBXFileReference; name = "esptouch"; path = "cordova-plugin-esptouch/esptouch"; sourceTree = "<group>"; fileEncoding = undefined; lastKnownFileType = unknown; explicitFileType = undefined; includeInIndex = 0; };
		A2F25625494045229F290260 /* libEsptouch_v0.3.5.3.a */ = {isa = PBXFileReference; name = "libEsptouch_v0.3.5.3.a"; path = "Hydroponic/Plugins/cordova-plugin-esptouch/libEsptouch_v0.3.5.3.a"; sourceTree = "<group>"; fileEncoding = undefined; lastKnownFileType = archive.ar; explicitFileType = undefined; includeInIndex = 0; };
		C737AF1E34E8424AB5560F55 /* esptouch.h */ = {isa = PBXFileReference; name = "esptouch.h"; path = "cordova-plugin-esptouch/esptouch.h"; sourceTree = "<group>"; fileEncoding = 4; lastKnownFileType = sourcecode.c.h; explicitFileType = undefined; includeInIndex = 0; };
		D503B3F4B0B64D69AC393F1D /* UIKit.framework */ = {isa = PBXFileReference; name = "UIKit.framework"; path = "System/Library/Frameworks/UIKit.framework"; sourceTree = SDKROOT; fileEncoding = undefined; lastKnownFileType = wrapper.framework; explicitFileType = undefined; includeInIndex = 0; };
		A38FA9A0DA874818A600B716 /* Foundation.framework */ = {isa = PBXFileReference; name = "Foundation.framework"; path = "System/Library/Frameworks/Foundation.framework"; sourceTree = SDKROOT; fileEncoding = undefined; lastKnownFileType = wrapper.framework; explicitFileType = undefined; includeInIndex = 0; };
/* End PBXFileReference section */

/* Begin PBXFrameworksBuildPhase section */
		1D60588F0D05DD3D006BFB54 /* Frameworks */ = {
			isa = PBXFrameworksBuildPhase;
			buildActionMask = 2147483647;
			files = (
				301BF552109A68D80062928A /* libCordova.a in Frameworks */,
				81C9130DADD146E49A7A52B3 /* SystemConfiguration.framework in Frameworks */,
				608E8D7BBF224F33AF2610C4 /* FirebaseAnalytics.framework in Frameworks */,
				E087D7EA61B0494AB2F17075 /* FirebaseCore.framework in Frameworks */,
				C6863472F68E458E8BD44D27 /* FirebaseInstanceID.framework in Frameworks */,
				84039E1048E74C23AFBD0611 /* FirebaseMessaging.framework in Frameworks */,
				CB70629E318F42E7AF6A7280 /* GoogleInterchangeUtilities.framework in Frameworks */,
				0CFBC74CC7E64A14B55A9242 /* GoogleIPhoneUtilities.framework in Frameworks */,
				DB674720DA1D429493EA23F1 /* GoogleSymbolUtilities.framework in Frameworks */,
				952B7DEFCC38409A87DF689C /* GoogleUtilities.framework in Frameworks */,
				B7883F7DA4C84C0BB2FDA8EA /* libc++.tbd in Frameworks */,
				ACA5B7D304C6425E97AB120C /* libz.tbd in Frameworks */,
				1BAA87FAA26445199A2467C1 /* AddressBook.framework in Frameworks */,
				742D7337850C43B8A30250FE /* libsqlite3.0.tbd in Frameworks */,
				FF5FC11D391442B5920AEACA /* Security.framework in Frameworks */,
				5E9F70C9DE3444269E21D9BC /* CoreTelephony.framework in Frameworks */,
				A7CA1C0B21EC4546ABD41AD0 /* UserNotifications.framework in Frameworks */,
				3387DEE0CF7E45AEBA4BCFD8 /* PushKit.framework in Frameworks */,
				CCA53AEABCE689A9E632A7FC /* libPods-Hydroponic.a in Frameworks */,
				49FE0AB5D04F449B8B5B161C /* libEsptouch_v0.3.5.3.a in Frameworks */,
				571BA45D71E14B1BA24D2ED0 /* UIKit.framework in Frameworks */,
				7AAA5A07BAC0476284F775EC /* Foundation.framework in Frameworks */,
			);
			runOnlyForDeploymentPostprocessing = 0;
		};
/* End PBXFrameworksBuildPhase section */

/* Begin PBXGroup section */
		080E96DDFE201D6D7F000001 /* Classes */ = {
			isa = PBXGroup;
			children = (
				302D95EE14D2391D003F00A1 /* MainViewController.h */,
				302D95EF14D2391D003F00A1 /* MainViewController.m */,
				302D95F014D2391D003F00A1 /* MainViewController.xib */,
				1D3623240D0F684500981E51 /* AppDelegate.h */,
				1D3623250D0F684500981E51 /* AppDelegate.m */,
			);
			name = Classes;
			path = Hydroponic/Classes;
			sourceTree = SOURCE_ROOT;
		};
		19C28FACFE9D520D11CA2CBB /* Products */ = {
			isa = PBXGroup;
			children = (
				1D6058910D05DD3D006BFB54 /* Hydroponic.app */,
			);
			name = Products;
			sourceTree = "<group>";
		};
		29B97314FDCFA39411CA2CEA = {
			isa = PBXGroup;
			children = (
				EB87FDF41871DAF40020F90C /* config.xml */,
				EB87FDF31871DA8E0020F90C /* www */,
				EB87FDF11871DA420020F90C /* Staging */,
				301BF52D109A57CC0062928A /* CordovaLib.xcodeproj */,
				080E96DDFE201D6D7F000001 /* Classes */,
				307C750510C5A3420062BCA9 /* Plugins */,
				29B97315FDCFA39411CA2CEA /* Other Sources */,
				29B97317FDCFA39411CA2CEA /* Resources */,
				29B97323FDCFA39411CA2CEA /* Frameworks */,
				19C28FACFE9D520D11CA2CBB /* Products */,
				69AC78F614230B64BA866076 /* Pods */,
			);
			name = CustomTemplate;
			sourceTree = "<group>";
		};
		29B97315FDCFA39411CA2CEA /* Other Sources */ = {
			isa = PBXGroup;
			children = (
				32CA4F630368D1EE00C91783 /* Hydroponic-Prefix.pch */,
				29B97316FDCFA39411CA2CEA /* main.m */,
				ED33DF2A687741AEAF9F8254 /* Bridging-Header.h */,
			);
			name = "Other Sources";
			path = Hydroponic;
			sourceTree = "<group>";
		};
		29B97317FDCFA39411CA2CEA /* Resources */ = {
			isa = PBXGroup;
			children = (
				0207DA571B56EA530066E2B4 /* Images.xcassets */,
				3047A50E1AB8057F00498E2A /* config */,
				8D1107310486CEB800E47090 /* Hydroponic-Info.plist */,
				6AFF5BF81D6E424B00AB3073 /* CDVLaunchScreen.storyboard */,
				0F73D530E6684D41AD1F3C4A /* appbeep.wav */,
				AF108224E78C42CE8EA39F97 /* GoogleService-Info.plist */,
			);
			name = Resources;
			path = Hydroponic/Resources;
			sourceTree = "<group>";
		};
		29B97323FDCFA39411CA2CEA /* Frameworks */ = {
			isa = PBXGroup;
			children = (
				BCF49ADACE5F47F7996F3480 /* SystemConfiguration.framework */,
				AA542F32C48445C88E2E9C40 /* FirebaseAnalytics.framework */,
				F7B62B3C18DE48C0920D8F7B /* FirebaseCore.framework */,
				F84A1CD252364E04A2FC1B94 /* FirebaseInstanceID.framework */,
				AB5235912B994E5C8EB702EF /* FirebaseMessaging.framework */,
				E3048008D5404BED8832E492 /* GoogleInterchangeUtilities.framework */,
				ED353BEDEAA14A26B76E5454 /* GoogleIPhoneUtilities.framework */,
				0FFA1376C0744EEAAB6B1784 /* GoogleSymbolUtilities.framework */,
				EC18F9E4EFED4D278278EDA2 /* GoogleUtilities.framework */,
				76E31FBDB957454DA66C9656 /* libc++.tbd */,
				AB8F321A9F284B09AAC3F035 /* libz.tbd */,
				FA09DA6CA0DD4BE98B6F6CEA /* AddressBook.framework */,
				6782E084A6B64D618225A642 /* libsqlite3.0.tbd */,
				E4F5BBB2847F4BA6A22672FB /* Security.framework */,
				039F9A132E264128A7F1FEB6 /* CoreTelephony.framework */,
				24AA95757ED743E899904053 /* UserNotifications.framework */,
				445F0EACC5874C8C8DDF7B1D /* PushKit.framework */,
				6F6DF30172C298D523036141 /* libPods-Hydroponic.a */,
				A2F25625494045229F290260 /* libEsptouch_v0.3.5.3.a */,
				D503B3F4B0B64D69AC393F1D /* UIKit.framework */,
				A38FA9A0DA874818A600B716 /* Foundation.framework */,
			);
			name = Frameworks;
			sourceTree = "<group>";
		};
		301BF52E109A57CC0062928A /* Products */ = {
			isa = PBXGroup;
			children = (
				301BF535109A57CC0062928A /* libCordova.a */,
			);
			name = Products;
			sourceTree = "<group>";
		};
		3047A50E1AB8057F00498E2A /* config */ = {
			isa = PBXGroup;
			children = (
				3047A50F1AB8059700498E2A /* build-debug.xcconfig */,
				3047A5101AB8059700498E2A /* build-release.xcconfig */,
				3047A5111AB8059700498E2A /* build.xcconfig */,
			);
			name = config;
			sourceTree = "<group>";
		};
		307C750510C5A3420062BCA9 /* Plugins */ = {
			isa = PBXGroup;
			children = (
				394AC1793B8C4408BC970206 /* NXWWifiWizard.m */,
				A8D1ABEF9CB644A8983F3322 /* NXWWifiWizard.h */,
				2B6BA58DD73241BF97BD306F /* AppDelegate+APPAppEvent.m */,
				AF341BDBEBEA40B1BD3E1B41 /* CDVPlugin+APPAppEvent.m */,
				875C23D92D6B4CE994429DEA /* AppDelegate+APPAppEvent.h */,
				3B40BB3D6A10473CAA950D31 /* CDVPlugin+APPAppEvent.h */,
				13C40B6EACD9480CB95423D3 /* APPAppEventDelegate.h */,
				78E1DBAE47314CE998515E11 /* CDVDevice.m */,
				F70B458D138841588966A6F2 /* CDVDevice.h */,
				4C086F38E2A542D4B2C673D5 /* APPBackgroundMode.m */,
				6AA53F00DB2C4677889293EB /* APPMethodMagic.m */,
				B94CC369A7F6472987AEE0F5 /* APPBackgroundMode.h */,
				62F2DF69F1E54E588FBB8BB5 /* APPMethodMagic.h */,
				70D943DBCE424FFA827F7B83 /* FCMPlugin.m */,
				A2D8B633F347418C97732F23 /* AppDelegate+FCMPlugin.m */,
				1CB6F61C55FC450B8B0BE956 /* FCMPlugin.h */,
				8CF8D117FF494D14A2968489 /* AppDelegate+FCMPlugin.h */,
				65AA4F8232F94F7690D9F2EA /* Firebase.h */,
				CB6D3432BA8341A7A52DF2AD /* CDVConnection.m */,
				B2C2E8F9AF0E4A9C84C4531C /* CDVReachability.m */,
				AAA6DB26D14D485CBDAFD288 /* CDVConnection.h */,
				25DBDB8E1C544B3A998D7E90 /* CDVReachability.h */,
				E643CF0C886B4921855C7F98 /* QRScanner.swift */,
				EF1824F73DFF49D6BAF3A883 /* CDVSplashScreen.m */,
				3BEB12AF61CD4120BA8CCBC5 /* CDVViewController+SplashScreen.m */,
				9BE93F13CC8E42BA8A3870D1 /* CDVSplashScreen.h */,
				4B378B47FF924A42BB9B433B /* CDVViewController+SplashScreen.h */,
				6ED2E30F4A55443EAA09B622 /* CDVStatusBar.m */,
				C51E4C2C15CD419A8114B2D9 /* CDVStatusBar.h */,
				0809F86FDCDB4F37BA37A709 /* APPLocalNotification.m */,
				2278006A932F4E468D390F3A /* APPLocalNotificationOptions.m */,
				C2E5973952AA4723BCF676C5 /* UNUserNotificationCenter+APPLocalNotification.m */,
				9565F1F75B8342E7A5FC8815 /* UNMutableNotificationContent+APPLocalNotification.m */,
				EA9A339698EA4CBF90956837 /* UNNotificationRequest+APPLocalNotification.m */,
				EE570BC7103B4F738F602E3B /* APPLocalNotificationOptions.ios9.m */,
				E92191BD8B2F48D4830AC0C6 /* UIApplication+APPLocalNotification.ios9.m */,
				FE165892EEA14E45B46DF530 /* UILocalNotification+APPLocalNotification.ios9.m */,
				BE2864A11CF74671AC75AB71 /* APPLocalNotification.h */,
				F03AF222AC3F4AC7A18CE3DC /* APPLocalNotificationOptions.h */,
				29E24BFA44BE48ADA21329E6 /* UNUserNotificationCenter+APPLocalNotification.h */,
				B8DBB5315747479F9F30F904 /* UNMutableNotificationContent+APPLocalNotification.h */,
				3FD1B08FD1FB48988CF9410E /* UNNotificationRequest+APPLocalNotification.h */,
				C26F7617F44E41778FDAB6DB /* APPLocalNotificationOptions.ios9.h */,
				0ACB2FD3CB08400E81B93B45 /* UIApplication+APPLocalNotification.ios9.h */,
				4DE0289C70424A94B2B429AD /* UILocalNotification+APPLocalNotification.ios9.h */,
				B8F3B68E7CDF44CD81DFAB5D /* IonicKeyboard.m */,
				072A353C254B476B8B016FF0 /* IonicKeyboard.h */,
				BFCF268D36DA4FF0A4A3261A /* AppDelegate+notification.m */,
				FE9411C0121D4C5697E1AB90 /* PushPlugin.m */,
				B5EB07FB8EC3460F97D92425 /* AppDelegate+notification.h */,
				6FFD2807025A4CAAA7AE7981 /* PushPlugin.h */,
				2DA3B5DA94BC41268E6020A0 /* esptouch.m */,
				1D0A7E6403904E41B306F80A /* esptouch */,
				C737AF1E34E8424AB5560F55 /* esptouch.h */,
			);
			name = Plugins;
			path = Hydroponic/Plugins;
			sourceTree = SOURCE_ROOT;
		};
		69AC78F614230B64BA866076 /* Pods */ = {
			isa = PBXGroup;
			children = (
			);
			name = Pods;
			sourceTree = "<group>";
		};
		EB87FDF11871DA420020F90C /* Staging */ = {
			isa = PBXGroup;
			children = (
				F840E1F0165FE0F500CFE078 /* config.xml */,
				301BF56E109A69640062928A /* www */,
			);
			name = Staging;
			sourceTree = "<group>";
		};
/* End PBXGroup section */

/* Begin PBXNativeTarget section */
		1D6058900D05DD3D006BFB54 /* Hydroponic */ = {
			isa = PBXNativeTarget;
			buildConfigurationList = 1D6058960D05DD3E006BFB54 /* Build configuration list for PBXNativeTarget "Hydroponic" */;
			buildPhases = (
				0CF019BB4A2BF43143097945 /* [CP] Check Pods Manifest.lock */,
				304B58A110DAC018002A0835 /* Copy www directory */,
				1D60588D0D05DD3D006BFB54 /* Resources */,
				1D60588E0D05DD3D006BFB54 /* Sources */,
				1D60588F0D05DD3D006BFB54 /* Frameworks */,
				74BC5AADC9DCACD78C5C4863 /* [CP] Embed Pods Frameworks */,
				D677A4909AC833825142EC07 /* [CP] Copy Pods Resources */,
			);
			buildRules = (
			);
			dependencies = (
				301BF551109A68C00062928A /* PBXTargetDependency */,
			);
			name = Hydroponic;
			productName = Hydroponic;
			productReference = 1D6058910D05DD3D006BFB54 /* Hydroponic.app */;
			productType = "com.apple.product-type.application";
		};
/* End PBXNativeTarget section */

/* Begin PBXProject section */
		29B97313FDCFA39411CA2CEA /* Project object */ = {
			isa = PBXProject;
			attributes = {
				LastUpgradeCheck = 510;
			};
			buildConfigurationList = C01FCF4E08A954540054247B /* Build configuration list for PBXProject "Hydroponic" */;
			compatibilityVersion = "Xcode 3.2";
			developmentRegion = English;
			hasScannedForEncodings = 1;
			mainGroup = 29B97314FDCFA39411CA2CEA;
			productRefGroup = 19C28FACFE9D520D11CA2CBB /* Products */;
			projectDirPath = "";
			projectReferences = (
				{
					ProductGroup = 301BF52E109A57CC0062928A /* Products */;
					ProjectRef = 301BF52D109A57CC0062928A /* CordovaLib.xcodeproj */;
				},
			);
			projectRoot = "";
			targets = (
				1D6058900D05DD3D006BFB54 /* Hydroponic */,
			);
		};
/* End PBXProject section */

/* Begin PBXReferenceProxy section */
		301BF535109A57CC0062928A /* libCordova.a */ = {
			isa = PBXReferenceProxy;
			fileType = archive.ar;
			path = libCordova.a;
			remoteRef = 301BF534109A57CC0062928A /* PBXContainerItemProxy */;
			sourceTree = BUILT_PRODUCTS_DIR;
		};
/* End PBXReferenceProxy section */

/* Begin PBXResourcesBuildPhase section */
		1D60588D0D05DD3D006BFB54 /* Resources */ = {
			isa = PBXResourcesBuildPhase;
			buildActionMask = 2147483647;
			files = (
				302D95F214D2391D003F00A1 /* MainViewController.xib in Resources */,
				0207DA581B56EA530066E2B4 /* Images.xcassets in Resources */,
				6AFF5BF91D6E424B00AB3073 /* CDVLaunchScreen.storyboard in Resources */,
				5C4F68E843EE4E65980570FA /* appbeep.wav in Resources */,
				5F74FAA98E334E95A4F36079 /* GoogleService-Info.plist in Resources */,
			);
			runOnlyForDeploymentPostprocessing = 0;
		};
/* End PBXResourcesBuildPhase section */

/* Begin PBXShellScriptBuildPhase section */
		0CF019BB4A2BF43143097945 /* [CP] Check Pods Manifest.lock */ = {
			isa = PBXShellScriptBuildPhase;
			buildActionMask = 2147483647;
			files = (
			);
			inputPaths = (
				"${PODS_PODFILE_DIR_PATH}/Podfile.lock",
				"${PODS_ROOT}/Manifest.lock",
			);
			name = "[CP] Check Pods Manifest.lock";
			outputPaths = (
				"$(DERIVED_FILE_DIR)/Pods-Hydroponic-checkManifestLockResult.txt",
			);
			runOnlyForDeploymentPostprocessing = 0;
			shellPath = /bin/sh;
			shellScript = "diff \"${PODS_PODFILE_DIR_PATH}/Podfile.lock\" \"${PODS_ROOT}/Manifest.lock\" > /dev/null\nif [ $? != 0 ] ; then\n    # print error to STDERR\n    echo \"error: The sandbox is not in sync with the Podfile.lock. Run 'pod install' or update your CocoaPods installation.\" >&2\n    exit 1\nfi\n# This output is used by Xcode 'outputs' to avoid re-running this script phase.\necho \"SUCCESS\" > \"${SCRIPT_OUTPUT_FILE_0}\"\n";
			showEnvVarsInLog = 0;
		};
		304B58A110DAC018002A0835 /* Copy www directory */ = {
			isa = PBXShellScriptBuildPhase;
			buildActionMask = 2147483647;
			files = (
			);
			inputPaths = (
			);
			name = "Copy www directory";
			outputPaths = (
			);
			runOnlyForDeploymentPostprocessing = 0;
			shellPath = /bin/sh;
			shellScript = "NODEJS_PATH=/usr/local/bin; NVM_NODE_PATH=~/.nvm/versions/node/`nvm version 2>/dev/null`/bin; N_NODE_PATH=`find /usr/local/n/versions/node/* -maxdepth 0 -type d 2>/dev/null | tail -1`/bin; XCODE_NODE_PATH=`xcode-select --print-path`/usr/share/xcs/Node/bin; PATH=$NODEJS_PATH:$NVM_NODE_PATH:$N_NODE_PATH:$XCODE_NODE_PATH:$PATH && node cordova/lib/copy-www-build-step.js";
			showEnvVarsInLog = 0;
		};
		74BC5AADC9DCACD78C5C4863 /* [CP] Embed Pods Frameworks */ = {
			isa = PBXShellScriptBuildPhase;
			buildActionMask = 2147483647;
			files = (
			);
			inputPaths = (
			);
			name = "[CP] Embed Pods Frameworks";
			outputPaths = (
			);
			runOnlyForDeploymentPostprocessing = 0;
			shellPath = /bin/sh;
			shellScript = "\"${SRCROOT}/Pods/Target Support Files/Pods-Hydroponic/Pods-Hydroponic-frameworks.sh\"\n";
			showEnvVarsInLog = 0;
		};
		D677A4909AC833825142EC07 /* [CP] Copy Pods Resources */ = {
			isa = PBXShellScriptBuildPhase;
			buildActionMask = 2147483647;
			files = (
			);
			inputPaths = (
			);
			name = "[CP] Copy Pods Resources";
			outputPaths = (
			);
			runOnlyForDeploymentPostprocessing = 0;
			shellPath = /bin/sh;
			shellScript = "\"${SRCROOT}/Pods/Target Support Files/Pods-Hydroponic/Pods-Hydroponic-resources.sh\"\n";
			showEnvVarsInLog = 0;
		};
/* End PBXShellScriptBuildPhase section */

/* Begin PBXSourcesBuildPhase section */
		1D60588E0D05DD3D006BFB54 /* Sources */ = {
			isa = PBXSourcesBuildPhase;
			buildActionMask = 2147483647;
			files = (
				1D60589B0D05DD56006BFB54 /* main.m in Sources */,
				1D3623260D0F684500981E51 /* AppDelegate.m in Sources */,
				302D95F114D2391D003F00A1 /* MainViewController.m in Sources */,
				4E4AEA7E3E5F4B0FBDC5DC7D /* NXWWifiWizard.m in Sources */,
				7AE8660D396447FD905B982C /* AppDelegate+APPAppEvent.m in Sources */,
				28B72CCF01B94C7DAD5AA8F7 /* CDVPlugin+APPAppEvent.m in Sources */,
				3B0EB060065C45FE95583862 /* CDVDevice.m in Sources */,
				E17D9932FC0D4D00B9D02D20 /* APPBackgroundMode.m in Sources */,
				245A83FA77CD4E8BB99BFDA4 /* APPMethodMagic.m in Sources */,
				DA489F38663E4D76B27BC572 /* esptouch in Sources */,
				EA8A0C47D9D34996808F706B /* FCMPlugin.m in Sources */,
				3378C896908C4E278AF4D69E /* AppDelegate+FCMPlugin.m in Sources */,
				61CC86A2D8644F45A2935376 /* CDVConnection.m in Sources */,
				0E31F5329B6A40149377C4D9 /* CDVReachability.m in Sources */,
				5F89E1F2EEDB4E428B91D696 /* QRScanner.swift in Sources */,
				149181680BFB4341B9704468 /* CDVSplashScreen.m in Sources */,
				ADE6FE77A7F9498FAF19F229 /* CDVViewController+SplashScreen.m in Sources */,
				13B0D2FD839A4B99A6223128 /* CDVStatusBar.m in Sources */,
				9FB9091B6FFC45DA96150DEC /* APPLocalNotification.m in Sources */,
				1ADF015EABC64CE29C027988 /* APPLocalNotificationOptions.m in Sources */,
				15518712AD10434D8B31B2C3 /* UNUserNotificationCenter+APPLocalNotification.m in Sources */,
				782A35D21E934A01BB0D7627 /* UNMutableNotificationContent+APPLocalNotification.m in Sources */,
				9F8D6AF85FDA412A845AD203 /* UNNotificationRequest+APPLocalNotification.m in Sources */,
				6060087F2A364047B22E5D55 /* APPLocalNotificationOptions.ios9.m in Sources */,
				00987E685B814C0E8F370DC3 /* UIApplication+APPLocalNotification.ios9.m in Sources */,
				E1348B42621F4AAA8C609A9F /* UILocalNotification+APPLocalNotification.ios9.m in Sources */,
				B4CFDF8AEC024B588510A51B /* IonicKeyboard.m in Sources */,
				0EFD81196935447C87354B7F /* AppDelegate+notification.m in Sources */,
				AF1D389D58EF4A548ED784BC /* PushPlugin.m in Sources */,
				A1415B9864BA42E181D1A373 /* esptouch.m in Sources */,
				D5CA3C8FD1E841E8B359BEE4 /* esptouch in Resources */,
			);
			runOnlyForDeploymentPostprocessing = 0;
		};
/* End PBXSourcesBuildPhase section */

/* Begin PBXTargetDependency section */
		301BF551109A68C00062928A /* PBXTargetDependency */ = {
			isa = PBXTargetDependency;
			name = CordovaLib;
			targetProxy = 301BF550109A68C00062928A /* PBXContainerItemProxy */;
		};
/* End PBXTargetDependency section */

/* Begin XCBuildConfiguration section */
		1D6058940D05DD3E006BFB54 /* Debug */ = {
			isa = XCBuildConfiguration;
			baseConfigurationReference = 3047A50F1AB8059700498E2A /* build-debug.xcconfig */;
			buildSettings = {
				ALWAYS_SEARCH_USER_PATHS = NO;
				ASSETCATALOG_COMPILER_APPICON_NAME = AppIcon;
				ASSETCATALOG_COMPILER_LAUNCHIMAGE_NAME = LaunchImage;
				CLANG_ENABLE_MODULES = YES;
				CLANG_ENABLE_OBJC_ARC = YES;
				COPY_PHASE_STRIP = NO;
				FRAMEWORK_SEARCH_PATHS = (
					"$(inherited)",
					"\"Hydroponic/Plugins/cordova-plugin-fcm\"",
					"\"Hydroponic/Plugins/cordova-plugin-fcm\"",
					"\"Hydroponic/Plugins/cordova-plugin-fcm\"",
					"\"Hydroponic/Plugins/cordova-plugin-fcm\"",
					"\"Hydroponic/Plugins/cordova-plugin-fcm\"",
					"\"Hydroponic/Plugins/cordova-plugin-fcm\"",
					"\"Hydroponic/Plugins/cordova-plugin-fcm\"",
					"\"Hydroponic/Plugins/cordova-plugin-fcm\"",
				);
				GCC_DYNAMIC_NO_PIC = NO;
				GCC_OPTIMIZATION_LEVEL = 0;
				GCC_PRECOMPILE_PREFIX_HEADER = YES;
				GCC_PREFIX_HEADER = "Hydroponic/Hydroponic-Prefix.pch";
				GCC_THUMB_SUPPORT = NO;
				GCC_VERSION = "";
				INFOPLIST_FILE = "Hydroponic/Hydroponic-Info.plist";
				IPHONEOS_DEPLOYMENT_TARGET = 9.0;
				LD_RUNPATH_SEARCH_PATHS = "@executable_path/Frameworks";
				LIBRARY_SEARCH_PATHS = (
					"$(inherited)",
					"\"$(SRCROOT)/Hydroponic/Plugins/cordova-plugin-esptouch\"",
				);
				PRODUCT_NAME = Hydroponic;
				TARGETED_DEVICE_FAMILY = "1,2";
				SWIFT_OBJC_BRIDGING_HEADER = "$(PROJECT_DIR)/$(PROJECT_NAME)/Bridging-Header.h";
				ALWAYS_EMBED_SWIFT_STANDARD_LIBRARIES = YES;
				SWIFT_VERSION = 3.0;
			};
			name = Debug;
		};
		1D6058950D05DD3E006BFB54 /* Release */ = {
			isa = XCBuildConfiguration;
			baseConfigurationReference = 3047A5101AB8059700498E2A /* build-release.xcconfig */;
			buildSettings = {
				ALWAYS_SEARCH_USER_PATHS = NO;
				ASSETCATALOG_COMPILER_APPICON_NAME = AppIcon;
				ASSETCATALOG_COMPILER_LAUNCHIMAGE_NAME = LaunchImage;
				CLANG_ENABLE_MODULES = YES;
				CLANG_ENABLE_OBJC_ARC = YES;
				COPY_PHASE_STRIP = YES;
				FRAMEWORK_SEARCH_PATHS = (
					"$(inherited)",
					"\"Hydroponic/Plugins/cordova-plugin-fcm\"",
					"\"Hydroponic/Plugins/cordova-plugin-fcm\"",
					"\"Hydroponic/Plugins/cordova-plugin-fcm\"",
					"\"Hydroponic/Plugins/cordova-plugin-fcm\"",
					"\"Hydroponic/Plugins/cordova-plugin-fcm\"",
					"\"Hydroponic/Plugins/cordova-plugin-fcm\"",
					"\"Hydroponic/Plugins/cordova-plugin-fcm\"",
					"\"Hydroponic/Plugins/cordova-plugin-fcm\"",
				);
				GCC_PRECOMPILE_PREFIX_HEADER = YES;
				GCC_PREFIX_HEADER = "Hydroponic/Hydroponic-Prefix.pch";
				GCC_THUMB_SUPPORT = NO;
				GCC_VERSION = "";
				INFOPLIST_FILE = "Hydroponic/Hydroponic-Info.plist";
				IPHONEOS_DEPLOYMENT_TARGET = 9.0;
				LD_RUNPATH_SEARCH_PATHS = "@executable_path/Frameworks";
				LIBRARY_SEARCH_PATHS = (
					"$(inherited)",
					"\"$(SRCROOT)/Hydroponic/Plugins/cordova-plugin-esptouch\"",
				);
				PRODUCT_NAME = Hydroponic;
				TARGETED_DEVICE_FAMILY = "1,2";
				SWIFT_OBJC_BRIDGING_HEADER = "$(PROJECT_DIR)/$(PROJECT_NAME)/Bridging-Header.h";
				ALWAYS_EMBED_SWIFT_STANDARD_LIBRARIES = YES;
				SWIFT_VERSION = 3.0;
			};
			name = Release;
		};
		C01FCF4F08A954540054247B /* Debug */ = {
			isa = XCBuildConfiguration;
			baseConfigurationReference = 3047A5111AB8059700498E2A /* build.xcconfig */;
			buildSettings = {
				CLANG_ENABLE_MODULES = YES;
				CLANG_ENABLE_OBJC_ARC = YES;
				CLANG_WARN_BOOL_CONVERSION = YES;
				CLANG_WARN_CONSTANT_CONVERSION = YES;
				CLANG_WARN_EMPTY_BODY = YES;
				CLANG_WARN_ENUM_CONVERSION = YES;
				CLANG_WARN_INT_CONVERSION = YES;
				CLANG_WARN__DUPLICATE_METHOD_MATCH = YES;
				GCC_C_LANGUAGE_STANDARD = c99;
				GCC_THUMB_SUPPORT = NO;
				GCC_VERSION = "";
				GCC_WARN_ABOUT_RETURN_TYPE = YES;
				GCC_WARN_UNDECLARED_SELECTOR = YES;
				GCC_WARN_UNINITIALIZED_AUTOS = YES;
				GCC_WARN_UNUSED_FUNCTION = YES;
				GCC_WARN_UNUSED_VARIABLE = YES;
				ONLY_ACTIVE_ARCH = YES;
				SDKROOT = iphoneos;
				SKIP_INSTALL = NO;
				SWIFT_OBJC_BRIDGING_HEADER = "$(PROJECT_DIR)/$(PROJECT_NAME)/Bridging-Header.h";
				ALWAYS_EMBED_SWIFT_STANDARD_LIBRARIES = YES;
				SWIFT_VERSION = 3.0;
			};
			name = Debug;
		};
		C01FCF5008A954540054247B /* Release */ = {
			isa = XCBuildConfiguration;
			baseConfigurationReference = 3047A5111AB8059700498E2A /* build.xcconfig */;
			buildSettings = {
				CLANG_ENABLE_MODULES = YES;
				CLANG_ENABLE_OBJC_ARC = YES;
				CLANG_WARN_BOOL_CONVERSION = YES;
				CLANG_WARN_CONSTANT_CONVERSION = YES;
				CLANG_WARN_EMPTY_BODY = YES;
				CLANG_WARN_ENUM_CONVERSION = YES;
				CLANG_WARN_INT_CONVERSION = YES;
				CLANG_WARN__DUPLICATE_METHOD_MATCH = YES;
				GCC_C_LANGUAGE_STANDARD = c99;
				GCC_THUMB_SUPPORT = NO;
				GCC_VERSION = "";
				GCC_WARN_ABOUT_RETURN_TYPE = YES;
				GCC_WARN_UNDECLARED_SELECTOR = YES;
				GCC_WARN_UNINITIALIZED_AUTOS = YES;
				GCC_WARN_UNUSED_FUNCTION = YES;
				GCC_WARN_UNUSED_VARIABLE = YES;
				SDKROOT = iphoneos;
				SKIP_INSTALL = NO;
				SWIFT_OBJC_BRIDGING_HEADER = "$(PROJECT_DIR)/$(PROJECT_NAME)/Bridging-Header.h";
				ALWAYS_EMBED_SWIFT_STANDARD_LIBRARIES = YES;
				SWIFT_VERSION = 3.0;
			};
			name = Release;
		};
/* End XCBuildConfiguration section */

/* Begin XCConfigurationList section */
		1D6058960D05DD3E006BFB54 /* Build configuration list for PBXNativeTarget "Hydroponic" */ = {
			isa = XCConfigurationList;
			buildConfigurations = (
				1D6058940D05DD3E006BFB54 /* Debug */,
				1D6058950D05DD3E006BFB54 /* Release */,
			);
			defaultConfigurationIsVisible = 0;
			defaultConfigurationName = Release;
		};
		C01FCF4E08A954540054247B /* Build configuration list for PBXProject "Hydroponic" */ = {
			isa = XCConfigurationList;
			buildConfigurations = (
				C01FCF4F08A954540054247B /* Debug */,
				C01FCF5008A954540054247B /* Release */,
			);
			defaultConfigurationIsVisible = 0;
			defaultConfigurationName = Release;
		};
/* End XCConfigurationList section */
	};
	rootObject = 29B97313FDCFA39411CA2CEA /* Project object */;
}
