// !$*UTF8*$!
{
	archiveVersion = 1;
	classes = {
	};
	objectVersion = 46;
	objects = {
/* Begin PBXBuildFile section */
		0207DA581B56EA530066E2B4 /* Images.xcassets in Resources */ = {isa = PBXBuildFile; fileRef = 0207DA571B56EA530066E2B4 /* Images.xcassets */; };
		06F2689DADC444D5AEBD03E4 /* AddressBook.framework in Frameworks */ = {isa = PBXBuildFile; fileRef = 57A31B8C0C8B420EBD0FEF7B /* AddressBook.framework */; };
		0BF75DE478E64FA7A81D47AB /* UNUserNotificationCenter+APPLocalNotification.m in Sources */ = {isa = PBXBuildFile; fileRef = F918B74C44AA492F9894A9AA /* UNUserNotificationCenter+APPLocalNotification.m */; };
		15E89E9FDF064EEDAD3E0353 /* CDVStatusBar.m in Sources */ = {isa = PBXBuildFile; fileRef = C0213C429A93469EA4681DF8 /* CDVStatusBar.m */; };
		166FFAB153964C05A5C1DBFF /* APPLocalNotification.m in Sources */ = {isa = PBXBuildFile; fileRef = 50216716EB9C4964919F7A99 /* APPLocalNotification.m */; };
		1A1442416F6B471D815A4FFC /* CDVSplashScreen.m in Sources */ = {isa = PBXBuildFile; fileRef = C2745A1FE7F84928BF8DB229 /* CDVSplashScreen.m */; };
		1D3623260D0F684500981E51 /* AppDelegate.m in Sources */ = {isa = PBXBuildFile; fileRef = 1D3623250D0F684500981E51 /* AppDelegate.m */; };
		1D60589B0D05DD56006BFB54 /* main.m in Sources */ = {isa = PBXBuildFile; fileRef = 29B97316FDCFA39411CA2CEA /* main.m */; };
		255494C8CC2A41F3B6B8A9B7 /* CDVDevice.m in Sources */ = {isa = PBXBuildFile; fileRef = 63F1C611D7B94687BC00B775 /* CDVDevice.m */; };
		273E8491C2F9477586321F34 /* Security.framework in Frameworks */ = {isa = PBXBuildFile; fileRef = B60F6D18ABB0410183569056 /* Security.framework */; };
		2EE214FD5008477AB68C70F2 /* APPBackgroundMode.m in Sources */ = {isa = PBXBuildFile; fileRef = BE56FA6267544C6B8F432495 /* APPBackgroundMode.m */; };
		301BF552109A68D80062928A /* libCordova.a in Frameworks */ = {isa = PBXBuildFile; fileRef = 301BF535109A57CC0062928A /* libCordova.a */; };
		302D95F114D2391D003F00A1 /* MainViewController.m in Sources */ = {isa = PBXBuildFile; fileRef = 302D95EF14D2391D003F00A1 /* MainViewController.m */; };
		302D95F214D2391D003F00A1 /* MainViewController.xib in Resources */ = {isa = PBXBuildFile; fileRef = 302D95F014D2391D003F00A1 /* MainViewController.xib */; };
		3E022C259D4F4BE796295BD8 /* libsqlite3.0.tbd in Frameworks */ = {isa = PBXBuildFile; fileRef = 395179EF7036435F932788A6 /* libsqlite3.0.tbd */; };
		50C5E4FADF93401A86BC9BB0 /* libc++.tbd in Frameworks */ = {isa = PBXBuildFile; fileRef = 01271F254A4F422898F32FFB /* libc++.tbd */; };
		512C487B872C47368AD24294 /* CDVConnection.m in Sources */ = {isa = PBXBuildFile; fileRef = 4C2669D9FEE14EB9A4B240E0 /* CDVConnection.m */; };
		513A6CCC0BDA4D6EBCF3EFE7 /* UserNotifications.framework in Frameworks */ = {isa = PBXBuildFile; fileRef = 730C980EAAF5439C9DF6C044 /* UserNotifications.framework */; };
		644C7016E69F445385AEE3BE /* UIApplication+APPLocalNotification.ios9.m in Sources */ = {isa = PBXBuildFile; fileRef = 87461075DFE74E05885EEAC1 /* UIApplication+APPLocalNotification.ios9.m */; };
		6A3D8A83F3C14C648A8F47D7 /* UNNotificationRequest+APPLocalNotification.m in Sources */ = {isa = PBXBuildFile; fileRef = BDCA1FD4D2204721ACEC958C /* UNNotificationRequest+APPLocalNotification.m */; };
		7B587925201C479EB1C44C33 /* UIKit.framework in Frameworks */ = {isa = PBXBuildFile; fileRef = EA632EAD1B5D43C5A3EE493B /* UIKit.framework */; };
		7ED1ACDCB0EF49F6949382A3 /* Foundation.framework in Frameworks */ = {isa = PBXBuildFile; fileRef = 61140DC0228C4EDAA1A00A75 /* Foundation.framework */; };
		8740B8C1B2F7447EBA1A2210 /* CoreTelephony.framework in Frameworks */ = {isa = PBXBuildFile; fileRef = 83B4FA9EF1CB49C09E06C433 /* CoreTelephony.framework */; };
		8DD350DF11B24288BF1AD886 /* esptouch in Sources */ = {isa = PBXBuildFile; fileRef = 28C1417F2A6D4619B46248E0 /* esptouch */; };
		91F51641637A42D681A109F6 /* NXWWifiWizard.m in Sources */ = {isa = PBXBuildFile; fileRef = C4F664EC49AE46B798A50247 /* NXWWifiWizard.m */; };
		952608BAD0794039B78D5CAF /* libEsptouch_v0.3.5.3.a in Frameworks */ = {isa = PBXBuildFile; fileRef = 06574BB701884466BA2F358F /* libEsptouch_v0.3.5.3.a */; };
		98C18B207C4747A0BCA17D02 /* QRScanner.swift in Sources */ = {isa = PBXBuildFile; fileRef = C461763B25DD45098CA193F9 /* QRScanner.swift */; };
		9DAD923187894B2CA27ED9E5 /* UNMutableNotificationContent+APPLocalNotification.m in Sources */ = {isa = PBXBuildFile; fileRef = CC6ED24514F6482E80014E71 /* UNMutableNotificationContent+APPLocalNotification.m */; };
		9E0C48A4BCB94875AC875BD5 /* CDVViewController+SplashScreen.m in Sources */ = {isa = PBXBuildFile; fileRef = D835E47949A3427786C908C1 /* CDVViewController+SplashScreen.m */; };
		ABC165C872DD47BB824A0409 /* SystemConfiguration.framework in Frameworks */ = {isa = PBXBuildFile; fileRef = 6DC4331DA40F4C728EEA0939 /* SystemConfiguration.framework */; };
		B1BF162BD45446BC91D2D8BE /* UILocalNotification+APPLocalNotification.ios9.m in Sources */ = {isa = PBXBuildFile; fileRef = E0D202FD44DA4445964369B7 /* UILocalNotification+APPLocalNotification.ios9.m */; };
		C366F37056F84298939328E6 /* APPLocalNotificationOptions.ios9.m in Sources */ = {isa = PBXBuildFile; fileRef = 3E20383FF2B445D682EE1830 /* APPLocalNotificationOptions.ios9.m */; };
		CCE9D075BCF945409B541623 /* IonicKeyboard.m in Sources */ = {isa = PBXBuildFile; fileRef = 2094C4EBC8CA4F1FBAD18AB3 /* IonicKeyboard.m */; };
		D4833DBBC42546C1A5F41B08 /* appbeep.wav in Resources */ = {isa = PBXBuildFile; fileRef = 578A76A3DEAD42EC94166876 /* appbeep.wav */; };
		DA57E54CF78B442AA794F901 /* APPMethodMagic.m in Sources */ = {isa = PBXBuildFile; fileRef = 19524E0AB4B04FFAA3C0BDDC /* APPMethodMagic.m */; };
		DA95AB0771DD48849AA180BB /* libz.tbd in Frameworks */ = {isa = PBXBuildFile; fileRef = 962AB102A0B24C51873B0193 /* libz.tbd */; };
		E17A5E481B264ED68102EA76 /* AppDelegate+APPAppEvent.m in Sources */ = {isa = PBXBuildFile; fileRef = E6428944669B4AC996EAA9E5 /* AppDelegate+APPAppEvent.m */; };
		E96B040EB5C547728B32A69E /* APPLocalNotificationOptions.m in Sources */ = {isa = PBXBuildFile; fileRef = BD0A0BB2D8244E239A3BF7F1 /* APPLocalNotificationOptions.m */; };
		ED21E13B4D7F44BFB85C1720 /* esptouch.m in Sources */ = {isa = PBXBuildFile; fileRef = 8192AE8FA1E24EB6835F5C14 /* esptouch.m */; };
		FEB8C92D64A94A1CA7CDA44C /* CDVReachability.m in Sources */ = {isa = PBXBuildFile; fileRef = DEE7B316762C42F0BB833FCD /* CDVReachability.m */; };
		FF74CC8D2B58484AB52A633C /* CDVPlugin+APPAppEvent.m in Sources */ = {isa = PBXBuildFile; fileRef = C1F7CE6795BB45E9B83B9634 /* CDVPlugin+APPAppEvent.m */; };
		1346CA625E994C31A14056C1 /* FCMPlugin.m in Sources */ = {isa = PBXBuildFile; fileRef = 06DC74AB5BE94872A5E68902 /* FCMPlugin.m */; };
		0050D05D5E8B4FD0BD9560BE /* AppDelegate+FCMPlugin.m in Sources */ = {isa = PBXBuildFile; fileRef = AC8B29AC00204ECA9842BF53 /* AppDelegate+FCMPlugin.m */; };
		7F3F2611D8A848118D4B2557 /* GoogleService-Info.plist in Resources */ = {isa = PBXBuildFile; fileRef = 3D81A93A468F494982652FF0 /* GoogleService-Info.plist */; };
		23175443DF9E429E87A4BE01 /* FirebaseAnalytics.framework in Frameworks */ = {isa = PBXBuildFile; fileRef = 642383EA00B748DB8310A962 /* FirebaseAnalytics.framework */; };
		2CA8AF04802D4ED58268FBCE /* FirebaseCore.framework in Frameworks */ = {isa = PBXBuildFile; fileRef = 4451FAC46EF0481781E788F3 /* FirebaseCore.framework */; };
		F9284121D5574F889E927358 /* FirebaseInstanceID.framework in Frameworks */ = {isa = PBXBuildFile; fileRef = C56F46C4D6D745A9BE08F3B1 /* FirebaseInstanceID.framework */; };
		056160F64BCB430F9ACE477C /* FirebaseMessaging.framework in Frameworks */ = {isa = PBXBuildFile; fileRef = 8663189818AB4199AA2DC86A /* FirebaseMessaging.framework */; };
		3C331D220BF34341A0AF4226 /* GoogleInterchangeUtilities.framework in Frameworks */ = {isa = PBXBuildFile; fileRef = 3000D677DF9A4D9D85F8C3E6 /* GoogleInterchangeUtilities.framework */; };
		F1F05B3B9833455EA7B0C2CE /* GoogleIPhoneUtilities.framework in Frameworks */ = {isa = PBXBuildFile; fileRef = 7316A811CB214E94BBA7F4B6 /* GoogleIPhoneUtilities.framework */; };
		80D51F0CD4B642BEAC75889A /* GoogleSymbolUtilities.framework in Frameworks */ = {isa = PBXBuildFile; fileRef = CC06C986AB5943A385B9E32E /* GoogleSymbolUtilities.framework */; };
		16BE87C2485B4B79B7E4591E /* GoogleUtilities.framework in Frameworks */ = {isa = PBXBuildFile; fileRef = 587C364E6DFA4473A712C68E /* GoogleUtilities.framework */; };
/* End PBXBuildFile section */

/* Begin PBXContainerItemProxy section */
		301BF534109A57CC0062928A /* PBXContainerItemProxy */ = {
			isa = PBXContainerItemProxy;
			containerPortal = 301BF52D109A57CC0062928A /* CordovaLib.xcodeproj */;
			proxyType = 2;
			remoteGlobalIDString = D2AAC07E0554694100DB518D;
			remoteInfo = CordovaLib;
		};
		301BF550109A68C00062928A /* PBXContainerItemProxy */ = {
			isa = PBXContainerItemProxy;
			containerPortal = 301BF52D109A57CC0062928A /* CordovaLib.xcodeproj */;
			proxyType = 1;
			remoteGlobalIDString = D2AAC07D0554694100DB518D;
			remoteInfo = CordovaLib;
		};
/* End PBXContainerItemProxy section */

/* Begin PBXFileReference section */
		01271F254A4F422898F32FFB /* libc++.tbd */ = {isa = PBXFileReference; explicitFileType = undefined; fileEncoding = 9; includeInIndex = 0; lastKnownFileType = "sourcecode.text-based-dylib-definition"; name = "libc++.tbd"; path = "usr/lib/libc++.tbd"; sourceTree = SDKROOT; };
		0207DA571B56EA530066E2B4 /* Images.xcassets */ = {isa = PBXFileReference; lastKnownFileType = folder.assetcatalog; name = Images.xcassets; path = Hydroponic/Images.xcassets; sourceTree = SOURCE_ROOT; };
		06574BB701884466BA2F358F /* libEsptouch_v0.3.5.3.a */ = {isa = PBXFileReference; explicitFileType = undefined; fileEncoding = 9; includeInIndex = 0; lastKnownFileType = archive.ar; name = libEsptouch_v0.3.5.3.a; path = "Hydroponic/Plugins/cordova-plugin-esptouch/libEsptouch_v0.3.5.3.a"; sourceTree = "<group>"; };
		19524E0AB4B04FFAA3C0BDDC /* APPMethodMagic.m */ = {isa = PBXFileReference; explicitFileType = undefined; fileEncoding = 4; includeInIndex = 0; lastKnownFileType = sourcecode.c.objc; name = APPMethodMagic.m; path = "cordova-plugin-background-mode/APPMethodMagic.m"; sourceTree = "<group>"; };
		1D3623240D0F684500981E51 /* AppDelegate.h */ = {isa = PBXFileReference; fileEncoding = 4; lastKnownFileType = sourcecode.c.h; path = AppDelegate.h; sourceTree = "<group>"; };
		1D3623250D0F684500981E51 /* AppDelegate.m */ = {isa = PBXFileReference; fileEncoding = 4; lastKnownFileType = sourcecode.c.objc; path = AppDelegate.m; sourceTree = "<group>"; };
		1D6058910D05DD3D006BFB54 /* Hydroponic.app */ = {isa = PBXFileReference; explicitFileType = wrapper.application; includeInIndex = 0; path = Hydroponic.app; sourceTree = BUILT_PRODUCTS_DIR; };
		2094C4EBC8CA4F1FBAD18AB3 /* IonicKeyboard.m */ = {isa = PBXFileReference; explicitFileType = undefined; fileEncoding = 4; includeInIndex = 0; lastKnownFileType = sourcecode.c.objc; name = IonicKeyboard.m; path = "ionic-plugin-keyboard/IonicKeyboard.m"; sourceTree = "<group>"; };
		28C1417F2A6D4619B46248E0 /* esptouch */ = {isa = PBXFileReference; explicitFileType = undefined; fileEncoding = 9; includeInIndex = 0; lastKnownFileType = unknown; name = esptouch; path = "cordova-plugin-esptouch/esptouch"; sourceTree = "<group>"; };
		29B97316FDCFA39411CA2CEA /* main.m */ = {isa = PBXFileReference; fileEncoding = 4; lastKnownFileType = sourcecode.c.objc; path = main.m; sourceTree = "<group>"; };
		301BF52D109A57CC0062928A /* CordovaLib.xcodeproj */ = {isa = PBXFileReference; lastKnownFileType = "wrapper.pb-project"; name = CordovaLib.xcodeproj; path = CordovaLib/CordovaLib.xcodeproj; sourceTree = "<group>"; };
		301BF56E109A69640062928A /* www */ = {isa = PBXFileReference; lastKnownFileType = folder; path = www; sourceTree = SOURCE_ROOT; };
		302D95EE14D2391D003F00A1 /* MainViewController.h */ = {isa = PBXFileReference; fileEncoding = 4; lastKnownFileType = sourcecode.c.h; path = MainViewController.h; sourceTree = "<group>"; };
		302D95EF14D2391D003F00A1 /* MainViewController.m */ = {isa = PBXFileReference; fileEncoding = 4; lastKnownFileType = sourcecode.c.objc; path = MainViewController.m; sourceTree = "<group>"; };
		302D95F014D2391D003F00A1 /* MainViewController.xib */ = {isa = PBXFileReference; fileEncoding = 4; lastKnownFileType = file.xib; path = MainViewController.xib; sourceTree = "<group>"; };
		3047A50F1AB8059700498E2A /* build-debug.xcconfig */ = {isa = PBXFileReference; fileEncoding = 4; lastKnownFileType = text.xcconfig; name = "build-debug.xcconfig"; path = "cordova/build-debug.xcconfig"; sourceTree = SOURCE_ROOT; };
		3047A5101AB8059700498E2A /* build-release.xcconfig */ = {isa = PBXFileReference; fileEncoding = 4; lastKnownFileType = text.xcconfig; name = "build-release.xcconfig"; path = "cordova/build-release.xcconfig"; sourceTree = SOURCE_ROOT; };
		3047A5111AB8059700498E2A /* build.xcconfig */ = {isa = PBXFileReference; fileEncoding = 4; lastKnownFileType = text.xcconfig; name = build.xcconfig; path = cordova/build.xcconfig; sourceTree = SOURCE_ROOT; };
		30F2D32AAF98423393670449 /* CDVDevice.h */ = {isa = PBXFileReference; explicitFileType = undefined; fileEncoding = 4; includeInIndex = 0; lastKnownFileType = sourcecode.c.h; name = CDVDevice.h; path = "cordova-plugin-device/CDVDevice.h"; sourceTree = "<group>"; };
		32CA4F630368D1EE00C91783 /* Hydroponic-Prefix.pch */ = {isa = PBXFileReference; fileEncoding = 4; lastKnownFileType = sourcecode.c.h; path = "Hydroponic-Prefix.pch"; sourceTree = "<group>"; };
		395179EF7036435F932788A6 /* libsqlite3.0.tbd */ = {isa = PBXFileReference; explicitFileType = undefined; fileEncoding = 9; includeInIndex = 0; lastKnownFileType = "sourcecode.text-based-dylib-definition"; name = libsqlite3.0.tbd; path = usr/lib/libsqlite3.0.tbd; sourceTree = SDKROOT; };
		3E20383FF2B445D682EE1830 /* APPLocalNotificationOptions.ios9.m */ = {isa = PBXFileReference; explicitFileType = undefined; fileEncoding = 4; includeInIndex = 0; lastKnownFileType = sourcecode.c.objc; name = APPLocalNotificationOptions.ios9.m; path = "de.appplant.cordova.plugin.local-notification/APPLocalNotificationOptions.ios9.m"; sourceTree = "<group>"; };
		41AEE7CEE4B04D1594365D97 /* CDVSplashScreen.h */ = {isa = PBXFileReference; explicitFileType = undefined; fileEncoding = 4; includeInIndex = 0; lastKnownFileType = sourcecode.c.h; name = CDVSplashScreen.h; path = "cordova-plugin-splashscreen/CDVSplashScreen.h"; sourceTree = "<group>"; };
		46D64FA1F5274469A2B7B278 /* esptouch.h */ = {isa = PBXFileReference; explicitFileType = undefined; fileEncoding = 4; includeInIndex = 0; lastKnownFileType = sourcecode.c.h; name = esptouch.h; path = "cordova-plugin-esptouch/esptouch.h"; sourceTree = "<group>"; };
		4A3FA0372C774E5A8A1020C2 /* UIApplication+APPLocalNotification.ios9.h */ = {isa = PBXFileReference; explicitFileType = undefined; fileEncoding = 4; includeInIndex = 0; lastKnownFileType = sourcecode.c.h; name = "UIApplication+APPLocalNotification.ios9.h"; path = "de.appplant.cordova.plugin.local-notification/UIApplication+APPLocalNotification.ios9.h"; sourceTree = "<group>"; };
		4C2669D9FEE14EB9A4B240E0 /* CDVConnection.m */ = {isa = PBXFileReference; explicitFileType = undefined; fileEncoding = 4; includeInIndex = 0; lastKnownFileType = sourcecode.c.objc; name = CDVConnection.m; path = "cordova-plugin-network-information/CDVConnection.m"; sourceTree = "<group>"; };
		4E254C71D92C4517B6AA7BBE /* NXWWifiWizard.h */ = {isa = PBXFileReference; explicitFileType = undefined; fileEncoding = 4; includeInIndex = 0; lastKnownFileType = sourcecode.c.h; name = NXWWifiWizard.h; path = com.pylonproducts.wifiwizard/NXWWifiWizard.h; sourceTree = "<group>"; };
		50216716EB9C4964919F7A99 /* APPLocalNotification.m */ = {isa = PBXFileReference; explicitFileType = undefined; fileEncoding = 4; includeInIndex = 0; lastKnownFileType = sourcecode.c.objc; name = APPLocalNotification.m; path = "de.appplant.cordova.plugin.local-notification/APPLocalNotification.m"; sourceTree = "<group>"; };
		57011995480343ED905B8479 /* UILocalNotification+APPLocalNotification.ios9.h */ = {isa = PBXFileReference; explicitFileType = undefined; fileEncoding = 4; includeInIndex = 0; lastKnownFileType = sourcecode.c.h; name = "UILocalNotification+APPLocalNotification.ios9.h"; path = "de.appplant.cordova.plugin.local-notification/UILocalNotification+APPLocalNotification.ios9.h"; sourceTree = "<group>"; };
		573F849195E2499994894BCD /* UNUserNotificationCenter+APPLocalNotification.h */ = {isa = PBXFileReference; explicitFileType = undefined; fileEncoding = 4; includeInIndex = 0; lastKnownFileType = sourcecode.c.h; name = "UNUserNotificationCenter+APPLocalNotification.h"; path = "de.appplant.cordova.plugin.local-notification/UNUserNotificationCenter+APPLocalNotification.h"; sourceTree = "<group>"; };
		578A76A3DEAD42EC94166876 /* appbeep.wav */ = {isa = PBXFileReference; explicitFileType = undefined; fileEncoding = 9; includeInIndex = 0; lastKnownFileType = unknown; path = appbeep.wav; sourceTree = "<group>"; };
		57A31B8C0C8B420EBD0FEF7B /* AddressBook.framework */ = {isa = PBXFileReference; explicitFileType = undefined; fileEncoding = 9; includeInIndex = 0; lastKnownFileType = wrapper.framework; name = AddressBook.framework; path = System/Library/Frameworks/AddressBook.framework; sourceTree = SDKROOT; };
		5C11B891B9BA4B74AC7C11A9 /* IonicKeyboard.h */ = {isa = PBXFileReference; explicitFileType = undefined; fileEncoding = 4; includeInIndex = 0; lastKnownFileType = sourcecode.c.h; name = IonicKeyboard.h; path = "ionic-plugin-keyboard/IonicKeyboard.h"; sourceTree = "<group>"; };
		61140DC0228C4EDAA1A00A75 /* Foundation.framework */ = {isa = PBXFileReference; explicitFileType = undefined; fileEncoding = 9; includeInIndex = 0; lastKnownFileType = wrapper.framework; name = Foundation.framework; path = System/Library/Frameworks/Foundation.framework; sourceTree = SDKROOT; };
		63F1C611D7B94687BC00B775 /* CDVDevice.m */ = {isa = PBXFileReference; explicitFileType = undefined; fileEncoding = 4; includeInIndex = 0; lastKnownFileType = sourcecode.c.objc; name = CDVDevice.m; path = "cordova-plugin-device/CDVDevice.m"; sourceTree = "<group>"; };
		6D8BB33089BF446EAF9662FC /* APPLocalNotificationOptions.ios9.h */ = {isa = PBXFileReference; explicitFileType = undefined; fileEncoding = 4; includeInIndex = 0; lastKnownFileType = sourcecode.c.h; name = APPLocalNotificationOptions.ios9.h; path = "de.appplant.cordova.plugin.local-notification/APPLocalNotificationOptions.ios9.h"; sourceTree = "<group>"; };
		6DC4331DA40F4C728EEA0939 /* SystemConfiguration.framework */ = {isa = PBXFileReference; explicitFileType = undefined; fileEncoding = 9; includeInIndex = 0; lastKnownFileType = wrapper.framework; name = SystemConfiguration.framework; path = System/Library/Frameworks/SystemConfiguration.framework; sourceTree = SDKROOT; };
		6EFF525F963E46EDA00A72FC /* APPLocalNotification.h */ = {isa = PBXFileReference; explicitFileType = undefined; fileEncoding = 4; includeInIndex = 0; lastKnownFileType = sourcecode.c.h; name = APPLocalNotification.h; path = "de.appplant.cordova.plugin.local-notification/APPLocalNotification.h"; sourceTree = "<group>"; };
		730C980EAAF5439C9DF6C044 /* UserNotifications.framework */ = {isa = PBXFileReference; explicitFileType = undefined; fileEncoding = 9; includeInIndex = 0; lastKnownFileType = wrapper.framework; name = UserNotifications.framework; path = System/Library/Frameworks/UserNotifications.framework; sourceTree = SDKROOT; };
		7576C2A8DFA747FAA44B0986 /* CDVViewController+SplashScreen.h */ = {isa = PBXFileReference; explicitFileType = undefined; fileEncoding = 4; includeInIndex = 0; lastKnownFileType = sourcecode.c.h; name = "CDVViewController+SplashScreen.h"; path = "cordova-plugin-splashscreen/CDVViewController+SplashScreen.h"; sourceTree = "<group>"; };
		8192AE8FA1E24EB6835F5C14 /* esptouch.m */ = {isa = PBXFileReference; explicitFileType = undefined; fileEncoding = 4; includeInIndex = 0; lastKnownFileType = sourcecode.c.objc; name = esptouch.m; path = "cordova-plugin-esptouch/esptouch.m"; sourceTree = "<group>"; };
		83B4FA9EF1CB49C09E06C433 /* CoreTelephony.framework */ = {isa = PBXFileReference; explicitFileType = undefined; fileEncoding = 9; includeInIndex = 0; lastKnownFileType = wrapper.framework; name = CoreTelephony.framework; path = System/Library/Frameworks/CoreTelephony.framework; sourceTree = SDKROOT; };
		87461075DFE74E05885EEAC1 /* UIApplication+APPLocalNotification.ios9.m */ = {isa = PBXFileReference; explicitFileType = undefined; fileEncoding = 4; includeInIndex = 0; lastKnownFileType = sourcecode.c.objc; name = "UIApplication+APPLocalNotification.ios9.m"; path = "de.appplant.cordova.plugin.local-notification/UIApplication+APPLocalNotification.ios9.m"; sourceTree = "<group>"; };
		8D1107310486CEB800E47090 /* Hydroponic-Info.plist */ = {isa = PBXFileReference; fileEncoding = 4; lastKnownFileType = text.plist.xml; name = "Hydroponic-Info.plist"; path = "Hydroponic/Hydroponic-Info.plist"; plistStructureDefinitionIdentifier = "com.apple.xcode.plist.structure-definition.iphone.info-plist"; sourceTree = SOURCE_ROOT; };
		90653DB5F9234080A2DF785C /* APPMethodMagic.h */ = {isa = PBXFileReference; explicitFileType = undefined; fileEncoding = 4; includeInIndex = 0; lastKnownFileType = sourcecode.c.h; name = APPMethodMagic.h; path = "cordova-plugin-background-mode/APPMethodMagic.h"; sourceTree = "<group>"; };
		962AB102A0B24C51873B0193 /* libz.tbd */ = {isa = PBXFileReference; explicitFileType = undefined; fileEncoding = 9; includeInIndex = 0; lastKnownFileType = "sourcecode.text-based-dylib-definition"; name = libz.tbd; path = usr/lib/libz.tbd; sourceTree = SDKROOT; };
		990FAD4EF4E24D6098D9A41F /* UNNotificationRequest+APPLocalNotification.h */ = {isa = PBXFileReference; explicitFileType = undefined; fileEncoding = 4; includeInIndex = 0; lastKnownFileType = sourcecode.c.h; name = "UNNotificationRequest+APPLocalNotification.h"; path = "de.appplant.cordova.plugin.local-notification/UNNotificationRequest+APPLocalNotification.h"; sourceTree = "<group>"; };
		A558FA2ACB994F5BBF33CA61 /* CDVReachability.h */ = {isa = PBXFileReference; explicitFileType = undefined; fileEncoding = 4; includeInIndex = 0; lastKnownFileType = sourcecode.c.h; name = CDVReachability.h; path = "cordova-plugin-network-information/CDVReachability.h"; sourceTree = "<group>"; };
		B60F6D18ABB0410183569056 /* Security.framework */ = {isa = PBXFileReference; explicitFileType = undefined; fileEncoding = 9; includeInIndex = 0; lastKnownFileType = wrapper.framework; name = Security.framework; path = System/Library/Frameworks/Security.framework; sourceTree = SDKROOT; };
		BC032E25DEAE401DA0DAD03D /* UNMutableNotificationContent+APPLocalNotification.h */ = {isa = PBXFileReference; explicitFileType = undefined; fileEncoding = 4; includeInIndex = 0; lastKnownFileType = sourcecode.c.h; name = "UNMutableNotificationContent+APPLocalNotification.h"; path = "de.appplant.cordova.plugin.local-notification/UNMutableNotificationContent+APPLocalNotification.h"; sourceTree = "<group>"; };
		BD0A0BB2D8244E239A3BF7F1 /* APPLocalNotificationOptions.m */ = {isa = PBXFileReference; explicitFileType = undefined; fileEncoding = 4; includeInIndex = 0; lastKnownFileType = sourcecode.c.objc; name = APPLocalNotificationOptions.m; path = "de.appplant.cordova.plugin.local-notification/APPLocalNotificationOptions.m"; sourceTree = "<group>"; };
		BDCA1FD4D2204721ACEC958C /* UNNotificationRequest+APPLocalNotification.m */ = {isa = PBXFileReference; explicitFileType = undefined; fileEncoding = 4; includeInIndex = 0; lastKnownFileType = sourcecode.c.objc; name = "UNNotificationRequest+APPLocalNotification.m"; path = "de.appplant.cordova.plugin.local-notification/UNNotificationRequest+APPLocalNotification.m"; sourceTree = "<group>"; };
		BE56FA6267544C6B8F432495 /* APPBackgroundMode.m */ = {isa = PBXFileReference; explicitFileType = undefined; fileEncoding = 4; includeInIndex = 0; lastKnownFileType = sourcecode.c.objc; name = APPBackgroundMode.m; path = "cordova-plugin-background-mode/APPBackgroundMode.m"; sourceTree = "<group>"; };
		BE88A93F80EB4876AF05B6A9 /* APPLocalNotificationOptions.h */ = {isa = PBXFileReference; explicitFileType = undefined; fileEncoding = 4; includeInIndex = 0; lastKnownFileType = sourcecode.c.h; name = APPLocalNotificationOptions.h; path = "de.appplant.cordova.plugin.local-notification/APPLocalNotificationOptions.h"; sourceTree = "<group>"; };
		BEA052A76A3C4993A9BCF650 /* CDVConnection.h */ = {isa = PBXFileReference; explicitFileType = undefined; fileEncoding = 4; includeInIndex = 0; lastKnownFileType = sourcecode.c.h; name = CDVConnection.h; path = "cordova-plugin-network-information/CDVConnection.h"; sourceTree = "<group>"; };
		C0213C429A93469EA4681DF8 /* CDVStatusBar.m */ = {isa = PBXFileReference; explicitFileType = undefined; fileEncoding = 4; includeInIndex = 0; lastKnownFileType = sourcecode.c.objc; name = CDVStatusBar.m; path = "cordova-plugin-statusbar/CDVStatusBar.m"; sourceTree = "<group>"; };
		C1F7CE6795BB45E9B83B9634 /* CDVPlugin+APPAppEvent.m */ = {isa = PBXFileReference; explicitFileType = undefined; fileEncoding = 4; includeInIndex = 0; lastKnownFileType = sourcecode.c.objc; name = "CDVPlugin+APPAppEvent.m"; path = "cordova-plugin-app-event/CDVPlugin+APPAppEvent.m"; sourceTree = "<group>"; };
		C2745A1FE7F84928BF8DB229 /* CDVSplashScreen.m */ = {isa = PBXFileReference; explicitFileType = undefined; fileEncoding = 4; includeInIndex = 0; lastKnownFileType = sourcecode.c.objc; name = CDVSplashScreen.m; path = "cordova-plugin-splashscreen/CDVSplashScreen.m"; sourceTree = "<group>"; };
		C3985E41CDC14FA6B71DC81C /* AppDelegate+APPAppEvent.h */ = {isa = PBXFileReference; explicitFileType = undefined; fileEncoding = 4; includeInIndex = 0; lastKnownFileType = sourcecode.c.h; name = "AppDelegate+APPAppEvent.h"; path = "cordova-plugin-app-event/AppDelegate+APPAppEvent.h"; sourceTree = "<group>"; };
		C461763B25DD45098CA193F9 /* QRScanner.swift */ = {isa = PBXFileReference; explicitFileType = undefined; fileEncoding = 4; includeInIndex = 0; lastKnownFileType = sourcecode.swift; name = QRScanner.swift; path = "cordova-plugin-qrscanner/QRScanner.swift"; sourceTree = "<group>"; };
		C4F664EC49AE46B798A50247 /* NXWWifiWizard.m */ = {isa = PBXFileReference; explicitFileType = undefined; fileEncoding = 4; includeInIndex = 0; lastKnownFileType = sourcecode.c.objc; name = NXWWifiWizard.m; path = com.pylonproducts.wifiwizard/NXWWifiWizard.m; sourceTree = "<group>"; };
		C8CE913BBB644717A7B61A77 /* CDVStatusBar.h */ = {isa = PBXFileReference; explicitFileType = undefined; fileEncoding = 4; includeInIndex = 0; lastKnownFileType = sourcecode.c.h; name = CDVStatusBar.h; path = "cordova-plugin-statusbar/CDVStatusBar.h"; sourceTree = "<group>"; };
		CC6ED24514F6482E80014E71 /* UNMutableNotificationContent+APPLocalNotification.m */ = {isa = PBXFileReference; explicitFileType = undefined; fileEncoding = 4; includeInIndex = 0; lastKnownFileType = sourcecode.c.objc; name = "UNMutableNotificationContent+APPLocalNotification.m"; path = "de.appplant.cordova.plugin.local-notification/UNMutableNotificationContent+APPLocalNotification.m"; sourceTree = "<group>"; };
		D7BED9F727FC4D858A47F850 /* APPBackgroundMode.h */ = {isa = PBXFileReference; explicitFileType = undefined; fileEncoding = 4; includeInIndex = 0; lastKnownFileType = sourcecode.c.h; name = APPBackgroundMode.h; path = "cordova-plugin-background-mode/APPBackgroundMode.h"; sourceTree = "<group>"; };
		D835E47949A3427786C908C1 /* CDVViewController+SplashScreen.m */ = {isa = PBXFileReference; explicitFileType = undefined; fileEncoding = 4; includeInIndex = 0; lastKnownFileType = sourcecode.c.objc; name = "CDVViewController+SplashScreen.m"; path = "cordova-plugin-splashscreen/CDVViewController+SplashScreen.m"; sourceTree = "<group>"; };
		DEE7B316762C42F0BB833FCD /* CDVReachability.m */ = {isa = PBXFileReference; explicitFileType = undefined; fileEncoding = 4; includeInIndex = 0; lastKnownFileType = sourcecode.c.objc; name = CDVReachability.m; path = "cordova-plugin-network-information/CDVReachability.m"; sourceTree = "<group>"; };
		E0D202FD44DA4445964369B7 /* UILocalNotification+APPLocalNotification.ios9.m */ = {isa = PBXFileReference; explicitFileType = undefined; fileEncoding = 4; includeInIndex = 0; lastKnownFileType = sourcecode.c.objc; name = "UILocalNotification+APPLocalNotification.ios9.m"; path = "de.appplant.cordova.plugin.local-notification/UILocalNotification+APPLocalNotification.ios9.m"; sourceTree = "<group>"; };
		E6428944669B4AC996EAA9E5 /* AppDelegate+APPAppEvent.m */ = {isa = PBXFileReference; explicitFileType = undefined; fileEncoding = 4; includeInIndex = 0; lastKnownFileType = sourcecode.c.objc; name = "AppDelegate+APPAppEvent.m"; path = "cordova-plugin-app-event/AppDelegate+APPAppEvent.m"; sourceTree = "<group>"; };
		E68577BC54E24403A3C30E25 /* APPAppEventDelegate.h */ = {isa = PBXFileReference; explicitFileType = undefined; fileEncoding = 4; includeInIndex = 0; lastKnownFileType = sourcecode.c.h; name = APPAppEventDelegate.h; path = "cordova-plugin-app-event/APPAppEventDelegate.h"; sourceTree = "<group>"; };
		EA632EAD1B5D43C5A3EE493B /* UIKit.framework */ = {isa = PBXFileReference; explicitFileType = undefined; fileEncoding = 9; includeInIndex = 0; lastKnownFileType = wrapper.framework; name = UIKit.framework; path = System/Library/Frameworks/UIKit.framework; sourceTree = SDKROOT; };
		EB87FDF31871DA8E0020F90C /* www */ = {isa = PBXFileReference; lastKnownFileType = folder; name = www; path = ../../www; sourceTree = "<group>"; };
		EB87FDF41871DAF40020F90C /* config.xml */ = {isa = PBXFileReference; lastKnownFileType = text.xml; name = config.xml; path = ../../config.xml; sourceTree = "<group>"; };
		ED33DF2A687741AEAF9F8254 /* Bridging-Header.h */ = {isa = PBXFileReference; fileEncoding = 4; lastKnownFileType = sourcecode.c.h; path = "Bridging-Header.h"; sourceTree = "<group>"; };
		F840E1F0165FE0F500CFE078 /* config.xml */ = {isa = PBXFileReference; lastKnownFileType = text.xml; name = config.xml; path = Hydroponic/config.xml; sourceTree = "<group>"; };
		F918B74C44AA492F9894A9AA /* UNUserNotificationCenter+APPLocalNotification.m */ = {isa = PBXFileReference; explicitFileType = undefined; fileEncoding = 4; includeInIndex = 0; lastKnownFileType = sourcecode.c.objc; name = "UNUserNotificationCenter+APPLocalNotification.m"; path = "de.appplant.cordova.plugin.local-notification/UNUserNotificationCenter+APPLocalNotification.m"; sourceTree = "<group>"; };
		F9B13F500F8D4570B49EDC32 /* CDVPlugin+APPAppEvent.h */ = {isa = PBXFileReference; explicitFileType = undefined; fileEncoding = 4; includeInIndex = 0; lastKnownFileType = sourcecode.c.h; name = "CDVPlugin+APPAppEvent.h"; path = "cordova-plugin-app-event/CDVPlugin+APPAppEvent.h"; sourceTree = "<group>"; };
		06DC74AB5BE94872A5E68902 /* FCMPlugin.m */ = {isa = PBXFileReference; name = "FCMPlugin.m"; path = "cordova-plugin-fcm/FCMPlugin.m"; sourceTree = "<group>"; fileEncoding = 4; lastKnownFileType = sourcecode.c.objc; explicitFileType = undefined; includeInIndex = 0; };
		AC8B29AC00204ECA9842BF53 /* AppDelegate+FCMPlugin.m */ = {isa = PBXFileReference; name = "AppDelegate+FCMPlugin.m"; path = "cordova-plugin-fcm/AppDelegate+FCMPlugin.m"; sourceTree = "<group>"; fileEncoding = 4; lastKnownFileType = sourcecode.c.objc; explicitFileType = undefined; includeInIndex = 0; };
		F0ADAFE819464424A6A0660E /* FCMPlugin.h */ = {isa = PBXFileReference; name = "FCMPlugin.h"; path = "cordova-plugin-fcm/FCMPlugin.h"; sourceTree = "<group>"; fileEncoding = 4; lastKnownFileType = sourcecode.c.h; explicitFileType = undefined; includeInIndex = 0; };
		EFD34C1D97A24108B73E8FA1 /* AppDelegate+FCMPlugin.h */ = {isa = PBXFileReference; name = "AppDelegate+FCMPlugin.h"; path = "cordova-plugin-fcm/AppDelegate+FCMPlugin.h"; sourceTree = "<group>"; fileEncoding = 4; lastKnownFileType = sourcecode.c.h; explicitFileType = undefined; includeInIndex = 0; };
		3309BD0AF31D4E9A8828ABCE /* Firebase.h */ = {isa = PBXFileReference; name = "Firebase.h"; path = "cordova-plugin-fcm/Firebase.h"; sourceTree = "<group>"; fileEncoding = 4; lastKnownFileType = sourcecode.c.h; explicitFileType = undefined; includeInIndex = 0; };
		3D81A93A468F494982652FF0 /* GoogleService-Info.plist */ = {isa = PBXFileReference; name = "GoogleService-Info.plist"; path = "GoogleService-Info.plist"; sourceTree = "<group>"; fileEncoding = 4; lastKnownFileType = text.plist.xml; explicitFileType = undefined; includeInIndex = 0; };
		642383EA00B748DB8310A962 /* FirebaseAnalytics.framework */ = {isa = PBXFileReference; name = "FirebaseAnalytics.framework"; path = "Hydroponic/Plugins/cordova-plugin-fcm/FirebaseAnalytics.framework"; sourceTree = "<group>"; fileEncoding = undefined; lastKnownFileType = wrapper.framework; explicitFileType = undefined; includeInIndex = 0; };
		4451FAC46EF0481781E788F3 /* FirebaseCore.framework */ = {isa = PBXFileReference; name = "FirebaseCore.framework"; path = "Hydroponic/Plugins/cordova-plugin-fcm/FirebaseCore.framework"; sourceTree = "<group>"; fileEncoding = undefined; lastKnownFileType = wrapper.framework; explicitFileType = undefined; includeInIndex = 0; };
		C56F46C4D6D745A9BE08F3B1 /* FirebaseInstanceID.framework */ = {isa = PBXFileReference; name = "FirebaseInstanceID.framework"; path = "Hydroponic/Plugins/cordova-plugin-fcm/FirebaseInstanceID.framework"; sourceTree = "<group>"; fileEncoding = undefined; lastKnownFileType = wrapper.framework; explicitFileType = undefined; includeInIndex = 0; };
		8663189818AB4199AA2DC86A /* FirebaseMessaging.framework */ = {isa = PBXFileReference; name = "FirebaseMessaging.framework"; path = "Hydroponic/Plugins/cordova-plugin-fcm/FirebaseMessaging.framework"; sourceTree = "<group>"; fileEncoding = undefined; lastKnownFileType = wrapper.framework; explicitFileType = undefined; includeInIndex = 0; };
		3000D677DF9A4D9D85F8C3E6 /* GoogleInterchangeUtilities.framework */ = {isa = PBXFileReference; name = "GoogleInterchangeUtilities.framework"; path = "Hydroponic/Plugins/cordova-plugin-fcm/GoogleInterchangeUtilities.framework"; sourceTree = "<group>"; fileEncoding = undefined; lastKnownFileType = wrapper.framework; explicitFileType = undefined; includeInIndex = 0; };
		7316A811CB214E94BBA7F4B6 /* GoogleIPhoneUtilities.framework */ = {isa = PBXFileReference; name = "GoogleIPhoneUtilities.framework"; path = "Hydroponic/Plugins/cordova-plugin-fcm/GoogleIPhoneUtilities.framework"; sourceTree = "<group>"; fileEncoding = undefined; lastKnownFileType = wrapper.framework; explicitFileType = undefined; includeInIndex = 0; };
		CC06C986AB5943A385B9E32E /* GoogleSymbolUtilities.framework */ = {isa = PBXFileReference; name = "GoogleSymbolUtilities.framework"; path = "Hydroponic/Plugins/cordova-plugin-fcm/GoogleSymbolUtilities.framework"; sourceTree = "<group>"; fileEncoding = undefined; lastKnownFileType = wrapper.framework; explicitFileType = undefined; includeInIndex = 0; };
		587C364E6DFA4473A712C68E /* GoogleUtilities.framework */ = {isa = PBXFileReference; name = "GoogleUtilities.framework"; path = "Hydroponic/Plugins/cordova-plugin-fcm/GoogleUtilities.framework"; sourceTree = "<group>"; fileEncoding = undefined; lastKnownFileType = wrapper.framework; explicitFileType = undefined; includeInIndex = 0; };
/* End PBXFileReference section */

/* Begin PBXFrameworksBuildPhase section */
		1D60588F0D05DD3D006BFB54 /* Frameworks */ = {
			isa = PBXFrameworksBuildPhase;
			buildActionMask = 2147483647;
			files = (
				301BF552109A68D80062928A /* libCordova.a in Frameworks */,
				ABC165C872DD47BB824A0409 /* SystemConfiguration.framework in Frameworks */,
				7B587925201C479EB1C44C33 /* UIKit.framework in Frameworks */,
				7ED1ACDCB0EF49F6949382A3 /* Foundation.framework in Frameworks */,
				50C5E4FADF93401A86BC9BB0 /* libc++.tbd in Frameworks */,
				DA95AB0771DD48849AA180BB /* libz.tbd in Frameworks */,
				06F2689DADC444D5AEBD03E4 /* AddressBook.framework in Frameworks */,
				3E022C259D4F4BE796295BD8 /* libsqlite3.0.tbd in Frameworks */,
				273E8491C2F9477586321F34 /* Security.framework in Frameworks */,
				8740B8C1B2F7447EBA1A2210 /* CoreTelephony.framework in Frameworks */,
				513A6CCC0BDA4D6EBCF3EFE7 /* UserNotifications.framework in Frameworks */,
				952608BAD0794039B78D5CAF /* libEsptouch_v0.3.5.3.a in Frameworks */,
				23175443DF9E429E87A4BE01 /* FirebaseAnalytics.framework in Frameworks */,
				2CA8AF04802D4ED58268FBCE /* FirebaseCore.framework in Frameworks */,
				F9284121D5574F889E927358 /* FirebaseInstanceID.framework in Frameworks */,
				056160F64BCB430F9ACE477C /* FirebaseMessaging.framework in Frameworks */,
				3C331D220BF34341A0AF4226 /* GoogleInterchangeUtilities.framework in Frameworks */,
				F1F05B3B9833455EA7B0C2CE /* GoogleIPhoneUtilities.framework in Frameworks */,
				80D51F0CD4B642BEAC75889A /* GoogleSymbolUtilities.framework in Frameworks */,
				16BE87C2485B4B79B7E4591E /* GoogleUtilities.framework in Frameworks */,
			);
			runOnlyForDeploymentPostprocessing = 0;
		};
/* End PBXFrameworksBuildPhase section */

/* Begin PBXGroup section */
		080E96DDFE201D6D7F000001 /* Classes */ = {
			isa = PBXGroup;
			children = (
				302D95EE14D2391D003F00A1 /* MainViewController.h */,
				302D95EF14D2391D003F00A1 /* MainViewController.m */,
				302D95F014D2391D003F00A1 /* MainViewController.xib */,
				1D3623240D0F684500981E51 /* AppDelegate.h */,
				1D3623250D0F684500981E51 /* AppDelegate.m */,
			);
			name = Classes;
			path = Hydroponic/Classes;
			sourceTree = SOURCE_ROOT;
		};
		19C28FACFE9D520D11CA2CBB /* Products */ = {
			isa = PBXGroup;
			children = (
				1D6058910D05DD3D006BFB54 /* Hydroponic.app */,
			);
			name = Products;
			sourceTree = "<group>";
		};
		29B97314FDCFA39411CA2CEA /* CustomTemplate */ = {
			isa = PBXGroup;
			children = (
				EB87FDF41871DAF40020F90C /* config.xml */,
				EB87FDF31871DA8E0020F90C /* www */,
				EB87FDF11871DA420020F90C /* Staging */,
				301BF52D109A57CC0062928A /* CordovaLib.xcodeproj */,
				080E96DDFE201D6D7F000001 /* Classes */,
				307C750510C5A3420062BCA9 /* Plugins */,
				29B97315FDCFA39411CA2CEA /* Other Sources */,
				29B97317FDCFA39411CA2CEA /* Resources */,
				29B97323FDCFA39411CA2CEA /* Frameworks */,
				19C28FACFE9D520D11CA2CBB /* Products */,
			);
			name = CustomTemplate;
			sourceTree = "<group>";
		};
		29B97315FDCFA39411CA2CEA /* Other Sources */ = {
			isa = PBXGroup;
			children = (
				32CA4F630368D1EE00C91783 /* Hydroponic-Prefix.pch */,
				29B97316FDCFA39411CA2CEA /* main.m */,
				ED33DF2A687741AEAF9F8254 /* Bridging-Header.h */,
			);
			name = "Other Sources";
			path = Hydroponic;
			sourceTree = "<group>";
		};
		29B97317FDCFA39411CA2CEA /* Resources */ = {
			isa = PBXGroup;
			children = (
				0207DA571B56EA530066E2B4 /* Images.xcassets */,
				3047A50E1AB8057F00498E2A /* config */,
				8D1107310486CEB800E47090 /* Hydroponic-Info.plist */,
				578A76A3DEAD42EC94166876 /* appbeep.wav */,
				3D81A93A468F494982652FF0 /* GoogleService-Info.plist */,
			);
			name = Resources;
			path = Hydroponic/Resources;
			sourceTree = "<group>";
		};
		29B97323FDCFA39411CA2CEA /* Frameworks */ = {
			isa = PBXGroup;
			children = (
				6DC4331DA40F4C728EEA0939 /* SystemConfiguration.framework */,
				EA632EAD1B5D43C5A3EE493B /* UIKit.framework */,
				61140DC0228C4EDAA1A00A75 /* Foundation.framework */,
				01271F254A4F422898F32FFB /* libc++.tbd */,
				962AB102A0B24C51873B0193 /* libz.tbd */,
				57A31B8C0C8B420EBD0FEF7B /* AddressBook.framework */,
				395179EF7036435F932788A6 /* libsqlite3.0.tbd */,
				B60F6D18ABB0410183569056 /* Security.framework */,
				83B4FA9EF1CB49C09E06C433 /* CoreTelephony.framework */,
				730C980EAAF5439C9DF6C044 /* UserNotifications.framework */,
				06574BB701884466BA2F358F /* libEsptouch_v0.3.5.3.a */,
				642383EA00B748DB8310A962 /* FirebaseAnalytics.framework */,
				4451FAC46EF0481781E788F3 /* FirebaseCore.framework */,
				C56F46C4D6D745A9BE08F3B1 /* FirebaseInstanceID.framework */,
				8663189818AB4199AA2DC86A /* FirebaseMessaging.framework */,
				3000D677DF9A4D9D85F8C3E6 /* GoogleInterchangeUtilities.framework */,
				7316A811CB214E94BBA7F4B6 /* GoogleIPhoneUtilities.framework */,
				CC06C986AB5943A385B9E32E /* GoogleSymbolUtilities.framework */,
				587C364E6DFA4473A712C68E /* GoogleUtilities.framework */,
			);
			name = Frameworks;
			sourceTree = "<group>";
		};
		301BF52E109A57CC0062928A /* Products */ = {
			isa = PBXGroup;
			children = (
				301BF535109A57CC0062928A /* libCordova.a */,
			);
			name = Products;
			sourceTree = "<group>";
		};
		3047A50E1AB8057F00498E2A /* config */ = {
			isa = PBXGroup;
			children = (
				3047A50F1AB8059700498E2A /* build-debug.xcconfig */,
				3047A5101AB8059700498E2A /* build-release.xcconfig */,
				3047A5111AB8059700498E2A /* build.xcconfig */,
			);
			name = config;
			sourceTree = "<group>";
		};
		307C750510C5A3420062BCA9 /* Plugins */ = {
			isa = PBXGroup;
			children = (
				C4F664EC49AE46B798A50247 /* NXWWifiWizard.m */,
				4E254C71D92C4517B6AA7BBE /* NXWWifiWizard.h */,
				BE56FA6267544C6B8F432495 /* APPBackgroundMode.m */,
				19524E0AB4B04FFAA3C0BDDC /* APPMethodMagic.m */,
				D7BED9F727FC4D858A47F850 /* APPBackgroundMode.h */,
				90653DB5F9234080A2DF785C /* APPMethodMagic.h */,
				63F1C611D7B94687BC00B775 /* CDVDevice.m */,
				30F2D32AAF98423393670449 /* CDVDevice.h */,
				8192AE8FA1E24EB6835F5C14 /* esptouch.m */,
				28C1417F2A6D4619B46248E0 /* esptouch */,
				46D64FA1F5274469A2B7B278 /* esptouch.h */,
				4C2669D9FEE14EB9A4B240E0 /* CDVConnection.m */,
				DEE7B316762C42F0BB833FCD /* CDVReachability.m */,
				BEA052A76A3C4993A9BCF650 /* CDVConnection.h */,
				A558FA2ACB994F5BBF33CA61 /* CDVReachability.h */,
				C461763B25DD45098CA193F9 /* QRScanner.swift */,
				C2745A1FE7F84928BF8DB229 /* CDVSplashScreen.m */,
				D835E47949A3427786C908C1 /* CDVViewController+SplashScreen.m */,
				41AEE7CEE4B04D1594365D97 /* CDVSplashScreen.h */,
				7576C2A8DFA747FAA44B0986 /* CDVViewController+SplashScreen.h */,
				C0213C429A93469EA4681DF8 /* CDVStatusBar.m */,
				C8CE913BBB644717A7B61A77 /* CDVStatusBar.h */,
				50216716EB9C4964919F7A99 /* APPLocalNotification.m */,
				BD0A0BB2D8244E239A3BF7F1 /* APPLocalNotificationOptions.m */,
				F918B74C44AA492F9894A9AA /* UNUserNotificationCenter+APPLocalNotification.m */,
				CC6ED24514F6482E80014E71 /* UNMutableNotificationContent+APPLocalNotification.m */,
				BDCA1FD4D2204721ACEC958C /* UNNotificationRequest+APPLocalNotification.m */,
				3E20383FF2B445D682EE1830 /* APPLocalNotificationOptions.ios9.m */,
				87461075DFE74E05885EEAC1 /* UIApplication+APPLocalNotification.ios9.m */,
				E0D202FD44DA4445964369B7 /* UILocalNotification+APPLocalNotification.ios9.m */,
				6EFF525F963E46EDA00A72FC /* APPLocalNotification.h */,
				BE88A93F80EB4876AF05B6A9 /* APPLocalNotificationOptions.h */,
				573F849195E2499994894BCD /* UNUserNotificationCenter+APPLocalNotification.h */,
				BC032E25DEAE401DA0DAD03D /* UNMutableNotificationContent+APPLocalNotification.h */,
				990FAD4EF4E24D6098D9A41F /* UNNotificationRequest+APPLocalNotification.h */,
				6D8BB33089BF446EAF9662FC /* APPLocalNotificationOptions.ios9.h */,
				4A3FA0372C774E5A8A1020C2 /* UIApplication+APPLocalNotification.ios9.h */,
				57011995480343ED905B8479 /* UILocalNotification+APPLocalNotification.ios9.h */,
				2094C4EBC8CA4F1FBAD18AB3 /* IonicKeyboard.m */,
				5C11B891B9BA4B74AC7C11A9 /* IonicKeyboard.h */,
				E6428944669B4AC996EAA9E5 /* AppDelegate+APPAppEvent.m */,
				C1F7CE6795BB45E9B83B9634 /* CDVPlugin+APPAppEvent.m */,
				C3985E41CDC14FA6B71DC81C /* AppDelegate+APPAppEvent.h */,
				F9B13F500F8D4570B49EDC32 /* CDVPlugin+APPAppEvent.h */,
				E68577BC54E24403A3C30E25 /* APPAppEventDelegate.h */,
				06DC74AB5BE94872A5E68902 /* FCMPlugin.m */,
				AC8B29AC00204ECA9842BF53 /* AppDelegate+FCMPlugin.m */,
				F0ADAFE819464424A6A0660E /* FCMPlugin.h */,
				EFD34C1D97A24108B73E8FA1 /* AppDelegate+FCMPlugin.h */,
				3309BD0AF31D4E9A8828ABCE /* Firebase.h */,
			);
			name = Plugins;
			path = Hydroponic/Plugins;
			sourceTree = SOURCE_ROOT;
		};
		EB87FDF11871DA420020F90C /* Staging */ = {
			isa = PBXGroup;
			children = (
				F840E1F0165FE0F500CFE078 /* config.xml */,
				301BF56E109A69640062928A /* www */,
			);
			name = Staging;
			sourceTree = "<group>";
		};
/* End PBXGroup section */

/* Begin PBXNativeTarget section */
		1D6058900D05DD3D006BFB54 /* Hydroponic */ = {
			isa = PBXNativeTarget;
			buildConfigurationList = 1D6058960D05DD3E006BFB54 /* Build configuration list for PBXNativeTarget "Hydroponic" */;
			buildPhases = (
				304B58A110DAC018002A0835 /* Copy www directory */,
				1D60588D0D05DD3D006BFB54 /* Resources */,
				1D60588E0D05DD3D006BFB54 /* Sources */,
				1D60588F0D05DD3D006BFB54 /* Frameworks */,
			);
			buildRules = (
			);
			dependencies = (
				301BF551109A68C00062928A /* PBXTargetDependency */,
			);
			name = Hydroponic;
			productName = Hydroponic;
			productReference = 1D6058910D05DD3D006BFB54 /* Hydroponic.app */;
			productType = "com.apple.product-type.application";
		};
/* End PBXNativeTarget section */

/* Begin PBXProject section */
		29B97313FDCFA39411CA2CEA /* Project object */ = {
			isa = PBXProject;
			attributes = {
				LastUpgradeCheck = 510;
				TargetAttributes = {
					1D6058900D05DD3D006BFB54 = {
						DevelopmentTeam = KJ3H374VRL;
					};
				};
			};
			buildConfigurationList = C01FCF4E08A954540054247B /* Build configuration list for PBXProject "Hydroponic" */;
			compatibilityVersion = "Xcode 3.2";
			developmentRegion = English;
			hasScannedForEncodings = 1;
			knownRegions = (
				en,
			);
			mainGroup = 29B97314FDCFA39411CA2CEA /* CustomTemplate */;
			projectDirPath = "";
			projectReferences = (
				{
					ProductGroup = 301BF52E109A57CC0062928A /* Products */;
					ProjectRef = 301BF52D109A57CC0062928A /* CordovaLib.xcodeproj */;
				},
			);
			projectRoot = "";
			targets = (
				1D6058900D05DD3D006BFB54 /* Hydroponic */,
			);
		};
/* End PBXProject section */

/* Begin PBXReferenceProxy section */
		301BF535109A57CC0062928A /* libCordova.a */ = {
			isa = PBXReferenceProxy;
			fileType = archive.ar;
			path = libCordova.a;
			remoteRef = 301BF534109A57CC0062928A /* PBXContainerItemProxy */;
			sourceTree = BUILT_PRODUCTS_DIR;
		};
/* End PBXReferenceProxy section */

/* Begin PBXResourcesBuildPhase section */
		1D60588D0D05DD3D006BFB54 /* Resources */ = {
			isa = PBXResourcesBuildPhase;
			buildActionMask = 2147483647;
			files = (
				302D95F214D2391D003F00A1 /* MainViewController.xib in Resources */,
				0207DA581B56EA530066E2B4 /* Images.xcassets in Resources */,
				D4833DBBC42546C1A5F41B08 /* appbeep.wav in Resources */,
				7F3F2611D8A848118D4B2557 /* GoogleService-Info.plist in Resources */,
			);
			runOnlyForDeploymentPostprocessing = 0;
		};
/* End PBXResourcesBuildPhase section */

/* Begin PBXShellScriptBuildPhase section */
		304B58A110DAC018002A0835 /* Copy www directory */ = {
			isa = PBXShellScriptBuildPhase;
			buildActionMask = 2147483647;
			files = (
			);
			inputPaths = (
			);
			name = "Copy www directory";
			outputPaths = (
			);
			runOnlyForDeploymentPostprocessing = 0;
			shellPath = /bin/sh;
			shellScript = "NODEJS_PATH=/usr/local/bin; NVM_NODE_PATH=~/.nvm/versions/node/`nvm version 2>/dev/null`/bin; N_NODE_PATH=`find /usr/local/n/versions/node/* -maxdepth 0 -type d 2>/dev/null | tail -1`/bin; XCODE_NODE_PATH=`xcode-select --print-path`/usr/share/xcs/Node/bin; PATH=$NODEJS_PATH:$NVM_NODE_PATH:$N_NODE_PATH:$XCODE_NODE_PATH:$PATH && node cordova/lib/copy-www-build-step.js";
			showEnvVarsInLog = 0;
		};
/* End PBXShellScriptBuildPhase section */

/* Begin PBXSourcesBuildPhase section */
		1D60588E0D05DD3D006BFB54 /* Sources */ = {
			isa = PBXSourcesBuildPhase;
			buildActionMask = 2147483647;
			files = (
				1D60589B0D05DD56006BFB54 /* main.m in Sources */,
				1D3623260D0F684500981E51 /* AppDelegate.m in Sources */,
				302D95F114D2391D003F00A1 /* MainViewController.m in Sources */,
				91F51641637A42D681A109F6 /* NXWWifiWizard.m in Sources */,
				2EE214FD5008477AB68C70F2 /* APPBackgroundMode.m in Sources */,
				DA57E54CF78B442AA794F901 /* APPMethodMagic.m in Sources */,
				255494C8CC2A41F3B6B8A9B7 /* CDVDevice.m in Sources */,
				ED21E13B4D7F44BFB85C1720 /* esptouch.m in Sources */,
				8DD350DF11B24288BF1AD886 /* esptouch in Sources */,
				512C487B872C47368AD24294 /* CDVConnection.m in Sources */,
				FEB8C92D64A94A1CA7CDA44C /* CDVReachability.m in Sources */,
				98C18B207C4747A0BCA17D02 /* QRScanner.swift in Sources */,
				1A1442416F6B471D815A4FFC /* CDVSplashScreen.m in Sources */,
				9E0C48A4BCB94875AC875BD5 /* CDVViewController+SplashScreen.m in Sources */,
				15E89E9FDF064EEDAD3E0353 /* CDVStatusBar.m in Sources */,
				166FFAB153964C05A5C1DBFF /* APPLocalNotification.m in Sources */,
				E96B040EB5C547728B32A69E /* APPLocalNotificationOptions.m in Sources */,
				0BF75DE478E64FA7A81D47AB /* UNUserNotificationCenter+APPLocalNotification.m in Sources */,
				9DAD923187894B2CA27ED9E5 /* UNMutableNotificationContent+APPLocalNotification.m in Sources */,
				6A3D8A83F3C14C648A8F47D7 /* UNNotificationRequest+APPLocalNotification.m in Sources */,
				C366F37056F84298939328E6 /* APPLocalNotificationOptions.ios9.m in Sources */,
				644C7016E69F445385AEE3BE /* UIApplication+APPLocalNotification.ios9.m in Sources */,
				B1BF162BD45446BC91D2D8BE /* UILocalNotification+APPLocalNotification.ios9.m in Sources */,
				CCE9D075BCF945409B541623 /* IonicKeyboard.m in Sources */,
				E17A5E481B264ED68102EA76 /* AppDelegate+APPAppEvent.m in Sources */,
				FF74CC8D2B58484AB52A633C /* CDVPlugin+APPAppEvent.m in Sources */,
				1346CA625E994C31A14056C1 /* FCMPlugin.m in Sources */,
				0050D05D5E8B4FD0BD9560BE /* AppDelegate+FCMPlugin.m in Sources */,
			);
			runOnlyForDeploymentPostprocessing = 0;
		};
/* End PBXSourcesBuildPhase section */

/* Begin PBXTargetDependency section */
		301BF551109A68C00062928A /* PBXTargetDependency */ = {
			isa = PBXTargetDependency;
			name = CordovaLib;
			targetProxy = 301BF550109A68C00062928A /* PBXContainerItemProxy */;
		};
/* End PBXTargetDependency section */

/* Begin XCBuildConfiguration section */
		1D6058940D05DD3E006BFB54 /* Debug */ = {
			isa = XCBuildConfiguration;
			baseConfigurationReference = 3047A50F1AB8059700498E2A /* build-debug.xcconfig */;
			buildSettings = {
				ALWAYS_EMBED_SWIFT_STANDARD_LIBRARIES = YES;
				ALWAYS_SEARCH_USER_PATHS = NO;
				ASSETCATALOG_COMPILER_APPICON_NAME = AppIcon;
				ASSETCATALOG_COMPILER_LAUNCHIMAGE_NAME = LaunchImage;
				CLANG_ENABLE_MODULES = YES;
				CLANG_ENABLE_OBJC_ARC = YES;
				COPY_PHASE_STRIP = NO;
				DEVELOPMENT_TEAM = KJ3H374VRL;
				FRAMEWORK_SEARCH_PATHS = (
					"$(inherited)",
					"\"Hydroponic/Plugins/cordova-plugin-fcm\"",
					"\"Hydroponic/Plugins/cordova-plugin-fcm\"",
					"\"Hydroponic/Plugins/cordova-plugin-fcm\"",
					"\"Hydroponic/Plugins/cordova-plugin-fcm\"",
					"\"Hydroponic/Plugins/cordova-plugin-fcm\"",
					"\"Hydroponic/Plugins/cordova-plugin-fcm\"",
					"\"Hydroponic/Plugins/cordova-plugin-fcm\"",
					"\"Hydroponic/Plugins/cordova-plugin-fcm\"",
					"\"Hydroponic/Plugins/cordova-plugin-fcm\"",
					"\"Hydroponic/Plugins/cordova-plugin-fcm\"",
					"\"Hydroponic/Plugins/cordova-plugin-fcm\"",
					"\"Hydroponic/Plugins/cordova-plugin-fcm\"",
					"\"Hydroponic/Plugins/cordova-plugin-fcm\"",
					"\"Hydroponic/Plugins/cordova-plugin-fcm\"",
					"\"Hydroponic/Plugins/cordova-plugin-fcm\"",
					"\"Hydroponic/Plugins/cordova-plugin-fcm\"",
					"\"Hydroponic/Plugins/cordova-plugin-fcm\"",
					"\"Hydroponic/Plugins/cordova-plugin-fcm\"",
					"\"Hydroponic/Plugins/cordova-plugin-fcm\"",
					"\"Hydroponic/Plugins/cordova-plugin-fcm\"",
					"\"Hydroponic/Plugins/cordova-plugin-fcm\"",
					"\"Hydroponic/Plugins/cordova-plugin-fcm\"",
					"\"Hydroponic/Plugins/cordova-plugin-fcm\"",
					"\"Hydroponic/Plugins/cordova-plugin-fcm\"",
				);
				GCC_DYNAMIC_NO_PIC = NO;
				GCC_OPTIMIZATION_LEVEL = 0;
				GCC_PRECOMPILE_PREFIX_HEADER = YES;
				GCC_PREFIX_HEADER = "Hydroponic/Hydroponic-Prefix.pch";
				GCC_THUMB_SUPPORT = NO;
				GCC_VERSION = "";
				INFOPLIST_FILE = "Hydroponic/Hydroponic-Info.plist";
				LD_RUNPATH_SEARCH_PATHS = "@executable_path/Frameworks";
				LIBRARY_SEARCH_PATHS = (
					"$(inherited)",
					"\"$(SRCROOT)/Hydroponic/Plugins/cordova-plugin-esptouch\"",
				);
				PRODUCT_BUNDLE_IDENTIFIER = hydroponic;
				PRODUCT_NAME = Hydroponic;
				SWIFT_OBJC_BRIDGING_HEADER = "$(PROJECT_DIR)/$(PROJECT_NAME)/Bridging-Header.h";
				SWIFT_VERSION = 3.0;
			};
			name = Debug;
		};
		1D6058950D05DD3E006BFB54 /* Release */ = {
			isa = XCBuildConfiguration;
			baseConfigurationReference = 3047A5101AB8059700498E2A /* build-release.xcconfig */;
			buildSettings = {
				ALWAYS_EMBED_SWIFT_STANDARD_LIBRARIES = YES;
				ALWAYS_SEARCH_USER_PATHS = NO;
				ASSETCATALOG_COMPILER_APPICON_NAME = AppIcon;
				ASSETCATALOG_COMPILER_LAUNCHIMAGE_NAME = LaunchImage;
				CLANG_ENABLE_MODULES = YES;
				CLANG_ENABLE_OBJC_ARC = YES;
				COPY_PHASE_STRIP = YES;
				DEVELOPMENT_TEAM = KJ3H374VRL;
				FRAMEWORK_SEARCH_PATHS = (
					"$(inherited)",
					"\"Hydroponic/Plugins/cordova-plugin-fcm\"",
					"\"Hydroponic/Plugins/cordova-plugin-fcm\"",
					"\"Hydroponic/Plugins/cordova-plugin-fcm\"",
					"\"Hydroponic/Plugins/cordova-plugin-fcm\"",
					"\"Hydroponic/Plugins/cordova-plugin-fcm\"",
					"\"Hydroponic/Plugins/cordova-plugin-fcm\"",
					"\"Hydroponic/Plugins/cordova-plugin-fcm\"",
					"\"Hydroponic/Plugins/cordova-plugin-fcm\"",
					"\"Hydroponic/Plugins/cordova-plugin-fcm\"",
					"\"Hydroponic/Plugins/cordova-plugin-fcm\"",
					"\"Hydroponic/Plugins/cordova-plugin-fcm\"",
					"\"Hydroponic/Plugins/cordova-plugin-fcm\"",
					"\"Hydroponic/Plugins/cordova-plugin-fcm\"",
					"\"Hydroponic/Plugins/cordova-plugin-fcm\"",
					"\"Hydroponic/Plugins/cordova-plugin-fcm\"",
					"\"Hydroponic/Plugins/cordova-plugin-fcm\"",
					"\"Hydroponic/Plugins/cordova-plugin-fcm\"",
					"\"Hydroponic/Plugins/cordova-plugin-fcm\"",
					"\"Hydroponic/Plugins/cordova-plugin-fcm\"",
					"\"Hydroponic/Plugins/cordova-plugin-fcm\"",
					"\"Hydroponic/Plugins/cordova-plugin-fcm\"",
					"\"Hydroponic/Plugins/cordova-plugin-fcm\"",
					"\"Hydroponic/Plugins/cordova-plugin-fcm\"",
					"\"Hydroponic/Plugins/cordova-plugin-fcm\"",
				);
				GCC_PRECOMPILE_PREFIX_HEADER = YES;
				GCC_PREFIX_HEADER = "Hydroponic/Hydroponic-Prefix.pch";
				GCC_THUMB_SUPPORT = NO;
				GCC_VERSION = "";
				INFOPLIST_FILE = "Hydroponic/Hydroponic-Info.plist";
				LD_RUNPATH_SEARCH_PATHS = "@executable_path/Frameworks";
				LIBRARY_SEARCH_PATHS = (
					"$(inherited)",
					"\"$(SRCROOT)/Hydroponic/Plugins/cordova-plugin-esptouch\"",
				);
				PRODUCT_BUNDLE_IDENTIFIER = hydroponic;
				PRODUCT_NAME = Hydroponic;
				SWIFT_OBJC_BRIDGING_HEADER = "$(PROJECT_DIR)/$(PROJECT_NAME)/Bridging-Header.h";
				SWIFT_VERSION = 3.0;
			};
			name = Release;
		};
		C01FCF4F08A954540054247B /* Debug */ = {
			isa = XCBuildConfiguration;
			baseConfigurationReference = 3047A5111AB8059700498E2A /* build.xcconfig */;
			buildSettings = {
				ALWAYS_EMBED_SWIFT_STANDARD_LIBRARIES = YES;
				CLANG_ENABLE_MODULES = YES;
				CLANG_ENABLE_OBJC_ARC = YES;
				CLANG_WARN_BOOL_CONVERSION = YES;
				CLANG_WARN_CONSTANT_CONVERSION = YES;
				CLANG_WARN_EMPTY_BODY = YES;
				CLANG_WARN_ENUM_CONVERSION = YES;
				CLANG_WARN_INT_CONVERSION = YES;
				CLANG_WARN__DUPLICATE_METHOD_MATCH = YES;
				GCC_C_LANGUAGE_STANDARD = c99;
				GCC_THUMB_SUPPORT = NO;
				GCC_VERSION = "";
				GCC_WARN_ABOUT_RETURN_TYPE = YES;
				GCC_WARN_UNDECLARED_SELECTOR = YES;
				GCC_WARN_UNINITIALIZED_AUTOS = YES;
				GCC_WARN_UNUSED_FUNCTION = YES;
				GCC_WARN_UNUSED_VARIABLE = YES;
				ONLY_ACTIVE_ARCH = YES;
				SDKROOT = iphoneos;
				SKIP_INSTALL = NO;
				SWIFT_OBJC_BRIDGING_HEADER = "$(PROJECT_DIR)/$(PROJECT_NAME)/Bridging-Header.h";
				SWIFT_VERSION = 3.0;
			};
			name = Debug;
		};
		C01FCF5008A954540054247B /* Release */ = {
			isa = XCBuildConfiguration;
			baseConfigurationReference = 3047A5111AB8059700498E2A /* build.xcconfig */;
			buildSettings = {
				ALWAYS_EMBED_SWIFT_STANDARD_LIBRARIES = YES;
				CLANG_ENABLE_MODULES = YES;
				CLANG_ENABLE_OBJC_ARC = YES;
				CLANG_WARN_BOOL_CONVERSION = YES;
				CLANG_WARN_CONSTANT_CONVERSION = YES;
				CLANG_WARN_EMPTY_BODY = YES;
				CLANG_WARN_ENUM_CONVERSION = YES;
				CLANG_WARN_INT_CONVERSION = YES;
				CLANG_WARN__DUPLICATE_METHOD_MATCH = YES;
				GCC_C_LANGUAGE_STANDARD = c99;
				GCC_THUMB_SUPPORT = NO;
				GCC_VERSION = "";
				GCC_WARN_ABOUT_RETURN_TYPE = YES;
				GCC_WARN_UNDECLARED_SELECTOR = YES;
				GCC_WARN_UNINITIALIZED_AUTOS = YES;
				GCC_WARN_UNUSED_FUNCTION = YES;
				GCC_WARN_UNUSED_VARIABLE = YES;
				LD_RUNPATH_SEARCH_PATHS = "@executable_path/Frameworks";
				SDKROOT = iphoneos;
				SKIP_INSTALL = NO;
				SWIFT_OBJC_BRIDGING_HEADER = "$(PROJECT_DIR)/$(PROJECT_NAME)/Bridging-Header.h";
				SWIFT_VERSION = 3.0;
			};
			name = Release;
		};
/* End XCBuildConfiguration section */

/* Begin XCConfigurationList section */
		1D6058960D05DD3E006BFB54 /* Build configuration list for PBXNativeTarget "Hydroponic" */ = {
			isa = XCConfigurationList;
			buildConfigurations = (
				1D6058940D05DD3E006BFB54 /* Debug */,
				1D6058950D05DD3E006BFB54 /* Release */,
			);
			defaultConfigurationIsVisible = 0;
			defaultConfigurationName = Release;
		};
		C01FCF4E08A954540054247B /* Build configuration list for PBXProject "Hydroponic" */ = {
			isa = XCConfigurationList;
			buildConfigurations = (
				C01FCF4F08A954540054247B /* Debug */,
				C01FCF5008A954540054247B /* Release */,
			);
			defaultConfigurationIsVisible = 0;
			defaultConfigurationName = Release;
		};
/* End XCConfigurationList section */
	};
	rootObject = 29B97313FDCFA39411CA2CEA /* Project object */;
}
